// !$*UTF8*$!
{
	archiveVersion = 1;
	classes = {
	};
	objectVersion = 46;
	objects = {

/* Begin PBXBuildFile section */
		5F3B16801AFC453200860007 /* CircleImageView.m in Sources */ = {isa = PBXBuildFile; fileRef = 5F3B167F1AFC453200860007 /* CircleImageView.m */; };
		5F3B16811AFC453200860007 /* CircleImageView.m in Sources */ = {isa = PBXBuildFile; fileRef = 5F3B167F1AFC453200860007 /* CircleImageView.m */; };
		5F5A53521ADE670C00F81DF0 /* main.m in Sources */ = {isa = PBXBuildFile; fileRef = 5F5A53511ADE670C00F81DF0 /* main.m */; };
		5F5A53551ADE670C00F81DF0 /* AppDelegate.m in Sources */ = {isa = PBXBuildFile; fileRef = 5F5A53541ADE670C00F81DF0 /* AppDelegate.m */; };
		5F5A53581ADE670C00F81DF0 /* ViewController.m in Sources */ = {isa = PBXBuildFile; fileRef = 5F5A53571ADE670C00F81DF0 /* ViewController.m */; };
		5F5A535B1ADE670C00F81DF0 /* Main.storyboard in Resources */ = {isa = PBXBuildFile; fileRef = 5F5A53591ADE670C00F81DF0 /* Main.storyboard */; };
		5F5A537E1ADE67D500F81DF0 /* AppDelegate.swift in Sources */ = {isa = PBXBuildFile; fileRef = 5F5A537D1ADE67D500F81DF0 /* AppDelegate.swift */; };
		5F5A53801ADE67D500F81DF0 /* ViewController.swift in Sources */ = {isa = PBXBuildFile; fileRef = 5F5A537F1ADE67D500F81DF0 /* ViewController.swift */; };
		5F5A539C1ADE69AA00F81DF0 /* Main.storyboard in Resources */ = {isa = PBXBuildFile; fileRef = 5F5A53591ADE670C00F81DF0 /* Main.storyboard */; };
		5F99610A1AE0CF4F0034F503 /* Images.xcassets in Resources */ = {isa = PBXBuildFile; fileRef = 5F9961061AE0CF4F0034F503 /* Images.xcassets */; };
		5F99610B1AE0CF4F0034F503 /* Images.xcassets in Resources */ = {isa = PBXBuildFile; fileRef = 5F9961061AE0CF4F0034F503 /* Images.xcassets */; };
		5F99610C1AE0CF4F0034F503 /* LaunchScreen.xib in Resources */ = {isa = PBXBuildFile; fileRef = 5F9961071AE0CF4F0034F503 /* LaunchScreen.xib */; };
		5F99610D1AE0CF4F0034F503 /* LaunchScreen.xib in Resources */ = {isa = PBXBuildFile; fileRef = 5F9961071AE0CF4F0034F503 /* LaunchScreen.xib */; };
		5FC04A7F1AF1DCAA00F787CA /* PatternTabBarController.m in Sources */ = {isa = PBXBuildFile; fileRef = 5FC04A7E1AF1DCAA00F787CA /* PatternTabBarController.m */; };
		5FC04A811AF1DF8300F787CA /* PatternTabBarController.swift in Sources */ = {isa = PBXBuildFile; fileRef = 5FC04A801AF1DF8300F787CA /* PatternTabBarController.swift */; };
		5FC7AD8E1B0D446A004E3100 /* LogWrapper.mm in Sources */ = {isa = PBXBuildFile; fileRef = 5FC7AD8D1B0D446A004E3100 /* LogWrapper.mm */; };
		5FDE05641B0DAD5C0037B82F /* AppTests.m in Sources */ = {isa = PBXBuildFile; fileRef = 5FDE05631B0DAD5C0037B82F /* AppTests.m */; };
		EF01600C1BD07C1F00F8DA01 /* AnalyticsImages.xcassets in Resources */ = {isa = PBXBuildFile; fileRef = EF01600B1BD07C1F00F8DA01 /* AnalyticsImages.xcassets */; };
		EF01600D1BD07C1F00F8DA01 /* AnalyticsImages.xcassets in Resources */ = {isa = PBXBuildFile; fileRef = EF01600B1BD07C1F00F8DA01 /* AnalyticsImages.xcassets */; };
/* End PBXBuildFile section */

/* Begin PBXContainerItemProxy section */
		5FC7AD881B0D4106004E3100 /* PBXContainerItemProxy */ = {
			isa = PBXContainerItemProxy;
			containerPortal = 5F5A53441ADE670C00F81DF0 /* Project object */;
			proxyType = 1;
			remoteGlobalIDString = 5F5A534B1ADE670C00F81DF0;
			remoteInfo = AnalyticsExample;
		};
/* End PBXContainerItemProxy section */

/* Begin PBXFileReference section */
		10B02EF01E01C7BA00BCE191 /* BridgingHeader.h */ = {isa = PBXFileReference; fileEncoding = 4; lastKnownFileType = sourcecode.c.h; path = BridgingHeader.h; sourceTree = "<group>"; };
		5F3B167E1AFC453200860007 /* CircleImageView.h */ = {isa = PBXFileReference; fileEncoding = 4; lastKnownFileType = sourcecode.c.h; path = CircleImageView.h; sourceTree = "<group>"; };
		5F3B167F1AFC453200860007 /* CircleImageView.m */ = {isa = PBXFileReference; fileEncoding = 4; lastKnownFileType = sourcecode.c.objc; path = CircleImageView.m; sourceTree = "<group>"; };
		5F5A534C1ADE670C00F81DF0 /* AnalyticsExample.app */ = {isa = PBXFileReference; explicitFileType = wrapper.application; includeInIndex = 0; path = AnalyticsExample.app; sourceTree = BUILT_PRODUCTS_DIR; };
		5F5A53501ADE670C00F81DF0 /* Info.plist */ = {isa = PBXFileReference; lastKnownFileType = text.plist.xml; path = Info.plist; sourceTree = "<group>"; };
		5F5A53511ADE670C00F81DF0 /* main.m */ = {isa = PBXFileReference; lastKnownFileType = sourcecode.c.objc; path = main.m; sourceTree = "<group>"; };
		5F5A53531ADE670C00F81DF0 /* AppDelegate.h */ = {isa = PBXFileReference; lastKnownFileType = sourcecode.c.h; path = AppDelegate.h; sourceTree = "<group>"; };
		5F5A53541ADE670C00F81DF0 /* AppDelegate.m */ = {isa = PBXFileReference; lastKnownFileType = sourcecode.c.objc; path = AppDelegate.m; sourceTree = "<group>"; };
		5F5A53561ADE670C00F81DF0 /* ViewController.h */ = {isa = PBXFileReference; lastKnownFileType = sourcecode.c.h; path = ViewController.h; sourceTree = "<group>"; };
		5F5A53571ADE670C00F81DF0 /* ViewController.m */ = {isa = PBXFileReference; lastKnownFileType = sourcecode.c.objc; path = ViewController.m; sourceTree = "<group>"; };
		5F5A535A1ADE670C00F81DF0 /* Base */ = {isa = PBXFileReference; lastKnownFileType = file.storyboard; name = Base; path = Base.lproj/Main.storyboard; sourceTree = "<group>"; };
		5F5A53791ADE67D500F81DF0 /* AnalyticsExampleSwift.app */ = {isa = PBXFileReference; explicitFileType = wrapper.application; includeInIndex = 0; path = AnalyticsExampleSwift.app; sourceTree = BUILT_PRODUCTS_DIR; };
		5F5A537D1ADE67D500F81DF0 /* AppDelegate.swift */ = {isa = PBXFileReference; lastKnownFileType = sourcecode.swift; path = AppDelegate.swift; sourceTree = "<group>"; };
		5F5A537F1ADE67D500F81DF0 /* ViewController.swift */ = {isa = PBXFileReference; lastKnownFileType = sourcecode.swift; path = ViewController.swift; sourceTree = "<group>"; };
		5F9961061AE0CF4F0034F503 /* Images.xcassets */ = {isa = PBXFileReference; lastKnownFileType = folder.assetcatalog; path = Images.xcassets; sourceTree = "<group>"; };
		5F9961071AE0CF4F0034F503 /* LaunchScreen.xib */ = {isa = PBXFileReference; fileEncoding = 4; lastKnownFileType = file.xib; path = LaunchScreen.xib; sourceTree = "<group>"; };
		5FC04A7D1AF1DCAA00F787CA /* PatternTabBarController.h */ = {isa = PBXFileReference; fileEncoding = 4; lastKnownFileType = sourcecode.c.h; path = PatternTabBarController.h; sourceTree = "<group>"; };
		5FC04A7E1AF1DCAA00F787CA /* PatternTabBarController.m */ = {isa = PBXFileReference; fileEncoding = 4; lastKnownFileType = sourcecode.c.objc; path = PatternTabBarController.m; sourceTree = "<group>"; };
		5FC04A801AF1DF8300F787CA /* PatternTabBarController.swift */ = {isa = PBXFileReference; fileEncoding = 4; lastKnownFileType = sourcecode.swift; path = PatternTabBarController.swift; sourceTree = "<group>"; };
		5FC7AD821B0D4106004E3100 /* AnalyticsExampleTests.xctest */ = {isa = PBXFileReference; explicitFileType = wrapper.cfbundle; includeInIndex = 0; path = AnalyticsExampleTests.xctest; sourceTree = BUILT_PRODUCTS_DIR; };
		5FC7AD8D1B0D446A004E3100 /* LogWrapper.mm */ = {isa = PBXFileReference; fileEncoding = 4; lastKnownFileType = sourcecode.cpp.objcpp; path = LogWrapper.mm; sourceTree = "<group>"; };
		5FC7AD8F1B0D44B9004E3100 /* LogWrapper.h */ = {isa = PBXFileReference; lastKnownFileType = sourcecode.c.h; path = LogWrapper.h; sourceTree = "<group>"; };
		5FDE05631B0DAD5C0037B82F /* AppTests.m */ = {isa = PBXFileReference; fileEncoding = 4; lastKnownFileType = sourcecode.c.objc; path = AppTests.m; sourceTree = "<group>"; };
		EF01600B1BD07C1F00F8DA01 /* AnalyticsImages.xcassets */ = {isa = PBXFileReference; lastKnownFileType = folder.assetcatalog; path = AnalyticsImages.xcassets; sourceTree = "<group>"; };
/* End PBXFileReference section */

/* Begin PBXFrameworksBuildPhase section */
		5F5A53491ADE670C00F81DF0 /* Frameworks */ = {
			isa = PBXFrameworksBuildPhase;
			buildActionMask = 2147483647;
			files = (
			);
			runOnlyForDeploymentPostprocessing = 0;
		};
		5F5A53761ADE67D500F81DF0 /* Frameworks */ = {
			isa = PBXFrameworksBuildPhase;
			buildActionMask = 2147483647;
			files = (
			);
			runOnlyForDeploymentPostprocessing = 0;
		};
		5FC7AD7F1B0D4106004E3100 /* Frameworks */ = {
			isa = PBXFrameworksBuildPhase;
			buildActionMask = 2147483647;
			files = (
			);
			runOnlyForDeploymentPostprocessing = 0;
		};
/* End PBXFrameworksBuildPhase section */

/* Begin PBXGroup section */
		5F5A53431ADE670C00F81DF0 = {
			isa = PBXGroup;
			children = (
				5F5A534E1ADE670C00F81DF0 /* AnalyticsExample */,
				5F5A537A1ADE67D500F81DF0 /* AnalyticsExampleSwift */,
				5FC7AD831B0D4106004E3100 /* AnalyticsExampleTests */,
				5F5A534D1ADE670C00F81DF0 /* Products */,
				5F9961041AE0CF4F0034F503 /* Shared */,
				5FC29E541AE9255700668C8D /* Images */,
			);
			sourceTree = "<group>";
		};
		5F5A534D1ADE670C00F81DF0 /* Products */ = {
			isa = PBXGroup;
			children = (
				5F5A534C1ADE670C00F81DF0 /* AnalyticsExample.app */,
				5F5A53791ADE67D500F81DF0 /* AnalyticsExampleSwift.app */,
				5FC7AD821B0D4106004E3100 /* AnalyticsExampleTests.xctest */,
			);
			name = Products;
			sourceTree = "<group>";
		};
		5F5A534E1ADE670C00F81DF0 /* AnalyticsExample */ = {
			isa = PBXGroup;
			children = (
				5F5A53531ADE670C00F81DF0 /* AppDelegate.h */,
				5F5A53541ADE670C00F81DF0 /* AppDelegate.m */,
				5FC04A7D1AF1DCAA00F787CA /* PatternTabBarController.h */,
				5FC04A7E1AF1DCAA00F787CA /* PatternTabBarController.m */,
				5F5A53561ADE670C00F81DF0 /* ViewController.h */,
				5F5A53571ADE670C00F81DF0 /* ViewController.m */,
				5F5A534F1ADE670C00F81DF0 /* Supporting Files */,
			);
			path = AnalyticsExample;
			sourceTree = "<group>";
		};
		5F5A534F1ADE670C00F81DF0 /* Supporting Files */ = {
			isa = PBXGroup;
			children = (
				5F3B167E1AFC453200860007 /* CircleImageView.h */,
				5F3B167F1AFC453200860007 /* CircleImageView.m */,
				5F5A53511ADE670C00F81DF0 /* main.m */,
				5F5A53501ADE670C00F81DF0 /* Info.plist */,
				5F5A53591ADE670C00F81DF0 /* Main.storyboard */,
			);
			name = "Supporting Files";
			sourceTree = "<group>";
		};
		5F5A537A1ADE67D500F81DF0 /* AnalyticsExampleSwift */ = {
			isa = PBXGroup;
			children = (
				5F5A537D1ADE67D500F81DF0 /* AppDelegate.swift */,
				5FC04A801AF1DF8300F787CA /* PatternTabBarController.swift */,
				5F5A537F1ADE67D500F81DF0 /* ViewController.swift */,
				5F5A537B1ADE67D500F81DF0 /* Supporting Files */,
			);
			path = AnalyticsExampleSwift;
			sourceTree = "<group>";
		};
		5F5A537B1ADE67D500F81DF0 /* Supporting Files */ = {
			isa = PBXGroup;
			children = (
				10B02EF01E01C7BA00BCE191 /* BridgingHeader.h */,
			);
			name = "Supporting Files";
			sourceTree = "<group>";
		};
		5F9961041AE0CF4F0034F503 /* Shared */ = {
			isa = PBXGroup;
			children = (
				5F9961061AE0CF4F0034F503 /* Images.xcassets */,
				5F9961071AE0CF4F0034F503 /* LaunchScreen.xib */,
			);
			name = Shared;
			path = ../shared;
			sourceTree = "<group>";
		};
		5FC29E541AE9255700668C8D /* Images */ = {
			isa = PBXGroup;
			children = (
				EF01600B1BD07C1F00F8DA01 /* AnalyticsImages.xcassets */,
			);
			path = Images;
			sourceTree = "<group>";
		};
		5FC7AD831B0D4106004E3100 /* AnalyticsExampleTests */ = {
			isa = PBXGroup;
			children = (
				5FDE05631B0DAD5C0037B82F /* AppTests.m */,
				5FC7AD8D1B0D446A004E3100 /* LogWrapper.mm */,
				5FC7AD8F1B0D44B9004E3100 /* LogWrapper.h */,
			);
			path = AnalyticsExampleTests;
			sourceTree = "<group>";
		};
/* End PBXGroup section */

/* Begin PBXNativeTarget section */
		5F5A534B1ADE670C00F81DF0 /* AnalyticsExample */ = {
			isa = PBXNativeTarget;
			buildConfigurationList = 5F5A536F1ADE670C00F81DF0 /* Build configuration list for PBXNativeTarget "AnalyticsExample" */;
			buildPhases = (
				5F5A53481ADE670C00F81DF0 /* Sources */,
				5F5A53491ADE670C00F81DF0 /* Frameworks */,
				5F5A534A1ADE670C00F81DF0 /* Resources */,
			);
			buildRules = (
			);
			dependencies = (
			);
			name = AnalyticsExample;
			productName = AnalyticsExample;
			productReference = 5F5A534C1ADE670C00F81DF0 /* AnalyticsExample.app */;
			productType = "com.apple.product-type.application";
		};
		5F5A53781ADE67D500F81DF0 /* AnalyticsExampleSwift */ = {
			isa = PBXNativeTarget;
			buildConfigurationList = 5F5A53991ADE67D500F81DF0 /* Build configuration list for PBXNativeTarget "AnalyticsExampleSwift" */;
			buildPhases = (
				5F5A53751ADE67D500F81DF0 /* Sources */,
				5F5A53761ADE67D500F81DF0 /* Frameworks */,
				5F5A53771ADE67D500F81DF0 /* Resources */,
			);
			buildRules = (
			);
			dependencies = (
			);
			name = AnalyticsExampleSwift;
			productName = AnalyticsExampleSwift;
			productReference = 5F5A53791ADE67D500F81DF0 /* AnalyticsExampleSwift.app */;
			productType = "com.apple.product-type.application";
		};
		5FC7AD811B0D4106004E3100 /* AnalyticsExampleTests */ = {
			isa = PBXNativeTarget;
			buildConfigurationList = 5FC7AD8C1B0D4106004E3100 /* Build configuration list for PBXNativeTarget "AnalyticsExampleTests" */;
			buildPhases = (
				5FC7AD7E1B0D4106004E3100 /* Sources */,
				5FC7AD7F1B0D4106004E3100 /* Frameworks */,
				5FC7AD801B0D4106004E3100 /* Resources */,
			);
			buildRules = (
			);
			dependencies = (
				5FC7AD891B0D4106004E3100 /* PBXTargetDependency */,
			);
			name = AnalyticsExampleTests;
			productName = AnalyticsExampleTests;
			productReference = 5FC7AD821B0D4106004E3100 /* AnalyticsExampleTests.xctest */;
			productType = "com.apple.product-type.bundle.unit-test";
		};
/* End PBXNativeTarget section */

/* Begin PBXProject section */
		5F5A53441ADE670C00F81DF0 /* Project object */ = {
			isa = PBXProject;
			attributes = {
				LastSwiftUpdateCheck = 0710;
				LastUpgradeCheck = 0810;
				ORGANIZATIONNAME = "Google Inc.";
				TargetAttributes = {
					5F5A534B1ADE670C00F81DF0 = {
						CreatedOnToolsVersion = 6.3;
						LastSwiftMigration = 0820;
						ProvisioningStyle = Manual;
					};
					5F5A53781ADE67D500F81DF0 = {
						CreatedOnToolsVersion = 6.3;
						LastSwiftMigration = 0820;
						ProvisioningStyle = Manual;
					};
					5FC7AD811B0D4106004E3100 = {
						CreatedOnToolsVersion = 6.3.2;
						LastSwiftMigration = 0820;
						ProvisioningStyle = Manual;
						TestTargetID = 5F5A534B1ADE670C00F81DF0;
					};
				};
			};
			buildConfigurationList = 5F5A53471ADE670C00F81DF0 /* Build configuration list for PBXProject "AnalyticsExample" */;
			compatibilityVersion = "Xcode 3.2";
			developmentRegion = English;
			hasScannedForEncodings = 0;
			knownRegions = (
				en,
				Base,
			);
			mainGroup = 5F5A53431ADE670C00F81DF0;
			productRefGroup = 5F5A534D1ADE670C00F81DF0 /* Products */;
			projectDirPath = "";
			projectRoot = "";
			targets = (
				5F5A534B1ADE670C00F81DF0 /* AnalyticsExample */,
				5F5A53781ADE67D500F81DF0 /* AnalyticsExampleSwift */,
				5FC7AD811B0D4106004E3100 /* AnalyticsExampleTests */,
			);
		};
/* End PBXProject section */

/* Begin PBXResourcesBuildPhase section */
		5F5A534A1ADE670C00F81DF0 /* Resources */ = {
			isa = PBXResourcesBuildPhase;
			buildActionMask = 2147483647;
			files = (
				5F99610C1AE0CF4F0034F503 /* LaunchScreen.xib in Resources */,
				5F99610A1AE0CF4F0034F503 /* Images.xcassets in Resources */,
				EF01600C1BD07C1F00F8DA01 /* AnalyticsImages.xcassets in Resources */,
				5F5A535B1ADE670C00F81DF0 /* Main.storyboard in Resources */,
			);
			runOnlyForDeploymentPostprocessing = 0;
		};
		5F5A53771ADE67D500F81DF0 /* Resources */ = {
			isa = PBXResourcesBuildPhase;
			buildActionMask = 2147483647;
			files = (
				5F99610D1AE0CF4F0034F503 /* LaunchScreen.xib in Resources */,
				EF01600D1BD07C1F00F8DA01 /* AnalyticsImages.xcassets in Resources */,
				5F5A539C1ADE69AA00F81DF0 /* Main.storyboard in Resources */,
				5F99610B1AE0CF4F0034F503 /* Images.xcassets in Resources */,
			);
			runOnlyForDeploymentPostprocessing = 0;
		};
		5FC7AD801B0D4106004E3100 /* Resources */ = {
			isa = PBXResourcesBuildPhase;
			buildActionMask = 2147483647;
			files = (
			);
			runOnlyForDeploymentPostprocessing = 0;
		};
/* End PBXResourcesBuildPhase section */

/* Begin PBXSourcesBuildPhase section */
		5F5A53481ADE670C00F81DF0 /* Sources */ = {
			isa = PBXSourcesBuildPhase;
			buildActionMask = 2147483647;
			files = (
				5F5A53581ADE670C00F81DF0 /* ViewController.m in Sources */,
				5F5A53551ADE670C00F81DF0 /* AppDelegate.m in Sources */,
				5FC04A7F1AF1DCAA00F787CA /* PatternTabBarController.m in Sources */,
				5F3B16801AFC453200860007 /* CircleImageView.m in Sources */,
				5F5A53521ADE670C00F81DF0 /* main.m in Sources */,
			);
			runOnlyForDeploymentPostprocessing = 0;
		};
		5F5A53751ADE67D500F81DF0 /* Sources */ = {
			isa = PBXSourcesBuildPhase;
			buildActionMask = 2147483647;
			files = (
				5F3B16811AFC453200860007 /* CircleImageView.m in Sources */,
				5FC04A811AF1DF8300F787CA /* PatternTabBarController.swift in Sources */,
				5F5A53801ADE67D500F81DF0 /* ViewController.swift in Sources */,
				5F5A537E1ADE67D500F81DF0 /* AppDelegate.swift in Sources */,
			);
			runOnlyForDeploymentPostprocessing = 0;
		};
		5FC7AD7E1B0D4106004E3100 /* Sources */ = {
			isa = PBXSourcesBuildPhase;
			buildActionMask = 2147483647;
			files = (
				5FC7AD8E1B0D446A004E3100 /* LogWrapper.mm in Sources */,
				5FDE05641B0DAD5C0037B82F /* AppTests.m in Sources */,
			);
			runOnlyForDeploymentPostprocessing = 0;
		};
/* End PBXSourcesBuildPhase section */

/* Begin PBXTargetDependency section */
		5FC7AD891B0D4106004E3100 /* PBXTargetDependency */ = {
			isa = PBXTargetDependency;
			target = 5F5A534B1ADE670C00F81DF0 /* AnalyticsExample */;
			targetProxy = 5FC7AD881B0D4106004E3100 /* PBXContainerItemProxy */;
		};
/* End PBXTargetDependency section */

/* Begin PBXVariantGroup section */
		5F5A53591ADE670C00F81DF0 /* Main.storyboard */ = {
			isa = PBXVariantGroup;
			children = (
				5F5A535A1ADE670C00F81DF0 /* Base */,
			);
			name = Main.storyboard;
			sourceTree = "<group>";
		};
/* End PBXVariantGroup section */

/* Begin XCBuildConfiguration section */
		5F5A536D1ADE670C00F81DF0 /* Debug */ = {
			isa = XCBuildConfiguration;
			buildSettings = {
				ALWAYS_SEARCH_USER_PATHS = NO;
				CLANG_CXX_LANGUAGE_STANDARD = "gnu++0x";
				CLANG_CXX_LIBRARY = "libc++";
				CLANG_ENABLE_MODULES = YES;
				CLANG_ENABLE_OBJC_ARC = YES;
				CLANG_WARN_BOOL_CONVERSION = YES;
				CLANG_WARN_CONSTANT_CONVERSION = YES;
				CLANG_WARN_DIRECT_OBJC_ISA_USAGE = YES_ERROR;
				CLANG_WARN_EMPTY_BODY = YES;
				CLANG_WARN_ENUM_CONVERSION = YES;
				CLANG_WARN_INFINITE_RECURSION = YES;
				CLANG_WARN_INT_CONVERSION = YES;
				CLANG_WARN_OBJC_ROOT_CLASS = YES_ERROR;
				CLANG_WARN_SUSPICIOUS_MOVE = YES;
				CLANG_WARN_UNREACHABLE_CODE = YES;
				CLANG_WARN__DUPLICATE_METHOD_MATCH = YES;
				"CODE_SIGN_IDENTITY[sdk=iphoneos*]" = "iPhone Developer";
				COPY_PHASE_STRIP = NO;
				ENABLE_STRICT_OBJC_MSGSEND = YES;
				ENABLE_TESTABILITY = YES;
				GCC_C_LANGUAGE_STANDARD = gnu99;
				GCC_DYNAMIC_NO_PIC = NO;
				GCC_NO_COMMON_BLOCKS = YES;
				GCC_OPTIMIZATION_LEVEL = 0;
				GCC_PREPROCESSOR_DEFINITIONS = (
					"DEBUG=1",
					"$(inherited)",
				);
				GCC_SYMBOLS_PRIVATE_EXTERN = NO;
				GCC_WARN_64_TO_32_BIT_CONVERSION = YES;
				GCC_WARN_ABOUT_RETURN_TYPE = YES_ERROR;
				GCC_WARN_UNDECLARED_SELECTOR = YES;
				GCC_WARN_UNINITIALIZED_AUTOS = YES_AGGRESSIVE;
				GCC_WARN_UNUSED_FUNCTION = YES;
				GCC_WARN_UNUSED_VARIABLE = YES;
				IPHONEOS_DEPLOYMENT_TARGET = 8.0;
				MTL_ENABLE_DEBUG_INFO = YES;
				ONLY_ACTIVE_ARCH = YES;
				SDKROOT = iphoneos;
				SWIFT_VERSION = 3.0;
				TARGETED_DEVICE_FAMILY = "1,2";
			};
			name = Debug;
		};
		5F5A536E1ADE670C00F81DF0 /* Release */ = {
			isa = XCBuildConfiguration;
			buildSettings = {
				ALWAYS_SEARCH_USER_PATHS = NO;
				CLANG_CXX_LANGUAGE_STANDARD = "gnu++0x";
				CLANG_CXX_LIBRARY = "libc++";
				CLANG_ENABLE_MODULES = YES;
				CLANG_ENABLE_OBJC_ARC = YES;
				CLANG_WARN_BOOL_CONVERSION = YES;
				CLANG_WARN_CONSTANT_CONVERSION = YES;
				CLANG_WARN_DIRECT_OBJC_ISA_USAGE = YES_ERROR;
				CLANG_WARN_EMPTY_BODY = YES;
				CLANG_WARN_ENUM_CONVERSION = YES;
				CLANG_WARN_INFINITE_RECURSION = YES;
				CLANG_WARN_INT_CONVERSION = YES;
				CLANG_WARN_OBJC_ROOT_CLASS = YES_ERROR;
				CLANG_WARN_SUSPICIOUS_MOVE = YES;
				CLANG_WARN_UNREACHABLE_CODE = YES;
				CLANG_WARN__DUPLICATE_METHOD_MATCH = YES;
				"CODE_SIGN_IDENTITY[sdk=iphoneos*]" = "iPhone Developer";
				COPY_PHASE_STRIP = YES;
				ENABLE_NS_ASSERTIONS = NO;
				ENABLE_STRICT_OBJC_MSGSEND = YES;
				GCC_C_LANGUAGE_STANDARD = gnu99;
				GCC_NO_COMMON_BLOCKS = YES;
				GCC_WARN_64_TO_32_BIT_CONVERSION = YES;
				GCC_WARN_ABOUT_RETURN_TYPE = YES_ERROR;
				GCC_WARN_UNDECLARED_SELECTOR = YES;
				GCC_WARN_UNINITIALIZED_AUTOS = YES_AGGRESSIVE;
				GCC_WARN_UNUSED_FUNCTION = YES;
				GCC_WARN_UNUSED_VARIABLE = YES;
				IPHONEOS_DEPLOYMENT_TARGET = 8.0;
				MTL_ENABLE_DEBUG_INFO = NO;
				SDKROOT = iphoneos;
				SWIFT_OPTIMIZATION_LEVEL = "-Owholemodule";
				SWIFT_VERSION = 3.0;
				TARGETED_DEVICE_FAMILY = "1,2";
				VALIDATE_PRODUCT = YES;
			};
			name = Release;
		};
		5F5A53701ADE670C00F81DF0 /* Debug */ = {
			isa = XCBuildConfiguration;
			buildSettings = {
				ASSETCATALOG_COMPILER_APPICON_NAME = AppIcon;
				ASSETCATALOG_COMPILER_LAUNCHIMAGE_NAME = LaunchImage;
				DEVELOPMENT_TEAM = "";
				INFOPLIST_FILE = AnalyticsExample/Info.plist;
				LD_RUNPATH_SEARCH_PATHS = "$(inherited) @executable_path/Frameworks";
				PRODUCT_BUNDLE_IDENTIFIER = "com.google.samples.quickstart.$(PRODUCT_NAME:rfc1034identifier)";
				PRODUCT_NAME = "$(TARGET_NAME)";
				SWIFT_VERSION = 3.0;
			};
			name = Debug;
		};
		5F5A53711ADE670C00F81DF0 /* Release */ = {
			isa = XCBuildConfiguration;
			buildSettings = {
				ASSETCATALOG_COMPILER_APPICON_NAME = AppIcon;
				ASSETCATALOG_COMPILER_LAUNCHIMAGE_NAME = LaunchImage;
				DEVELOPMENT_TEAM = "";
				INFOPLIST_FILE = AnalyticsExample/Info.plist;
				LD_RUNPATH_SEARCH_PATHS = "$(inherited) @executable_path/Frameworks";
				PRODUCT_BUNDLE_IDENTIFIER = "com.google.samples.quickstart.$(PRODUCT_NAME:rfc1034identifier)";
				PRODUCT_NAME = "$(TARGET_NAME)";
				SWIFT_VERSION = 3.0;
			};
			name = Release;
		};
		5F5A53951ADE67D500F81DF0 /* Debug */ = {
			isa = XCBuildConfiguration;
			buildSettings = {
				ASSETCATALOG_COMPILER_APPICON_NAME = AppIcon;
				ASSETCATALOG_COMPILER_LAUNCHIMAGE_NAME = LaunchImage;
				DEVELOPMENT_TEAM = "";
				INFOPLIST_FILE = "$(SRCROOT)/AnalyticsExample/Info.plist";
				LD_RUNPATH_SEARCH_PATHS = "$(inherited) @executable_path/Frameworks";
				PRODUCT_BUNDLE_IDENTIFIER = com.google.samples.quickstart.AnalyticsExample;
				PRODUCT_NAME = "$(TARGET_NAME)";
				SWIFT_OBJC_BRIDGING_HEADER = AnalyticsExampleSwift/BridgingHeader.h;
				SWIFT_OPTIMIZATION_LEVEL = "-Onone";
				SWIFT_VERSION = 3.0;
			};
			name = Debug;
		};
		5F5A53961ADE67D500F81DF0 /* Release */ = {
			isa = XCBuildConfiguration;
			buildSettings = {
				ASSETCATALOG_COMPILER_APPICON_NAME = AppIcon;
				ASSETCATALOG_COMPILER_LAUNCHIMAGE_NAME = LaunchImage;
				DEVELOPMENT_TEAM = "";
				INFOPLIST_FILE = "$(SRCROOT)/AnalyticsExample/Info.plist";
				LD_RUNPATH_SEARCH_PATHS = "$(inherited) @executable_path/Frameworks";
				PRODUCT_BUNDLE_IDENTIFIER = com.google.samples.quickstart.AnalyticsExample;
				PRODUCT_NAME = "$(TARGET_NAME)";
				SWIFT_OBJC_BRIDGING_HEADER = AnalyticsExampleSwift/BridgingHeader.h;
				SWIFT_VERSION = 3.0;
			};
			name = Release;
		};
		5FC7AD8A1B0D4106004E3100 /* Debug */ = {
			isa = XCBuildConfiguration;
			buildSettings = {
				BUNDLE_LOADER = "$(TEST_HOST)";
				DEBUG_INFORMATION_FORMAT = "dwarf-with-dsym";
				DEVELOPMENT_TEAM = "";
				FRAMEWORK_SEARCH_PATHS = (
					"$(SDKROOT)/Developer/Library/Frameworks",
					"$(inherited)",
				);
				GCC_PREPROCESSOR_DEFINITIONS = (
					"DEBUG=1",
					"$(inherited)",
				);
				HEADER_SEARCH_PATHS = (
					"$(inherited)",
					"\"${PODS_ROOT}/Headers/Public\"",
					"\"${PODS_ROOT}/Headers/Public/Google\"",
					"\"${PODS_ROOT}/Headers/Public/Google/Google\"",
					"\"${PODS_ROOT}/Headers/Public/GoogleAnalytics\"",
					"\"${PODS_ROOT}/Headers/Public/GoogleNetworkingUtilities\"",
					"\"${PODS_ROOT}/Headers/Public/GoogleSymbolUtilities\"",
					"\"${PODS_ROOT}/Headers/Public/GoogleUtilities\"",
					AnalayticsExample,
				);
				INFOPLIST_FILE = AnalyticsExample/Info.plist;
				IPHONEOS_DEPLOYMENT_TARGET = 8.3;
				LD_RUNPATH_SEARCH_PATHS = "$(inherited) @executable_path/Frameworks @loader_path/Frameworks";
				PRODUCT_BUNDLE_IDENTIFIER = "com.google.samples.quickstart.$(PRODUCT_NAME:rfc1034identifier)";
				PRODUCT_NAME = "$(TARGET_NAME)";
				SWIFT_VERSION = 3.0;
				TEST_HOST = "$(BUILT_PRODUCTS_DIR)/AnalyticsExample.app/AnalyticsExample";
			};
			name = Debug;
		};
		5FC7AD8B1B0D4106004E3100 /* Release */ = {
			isa = XCBuildConfiguration;
			buildSettings = {
				BUNDLE_LOADER = "$(TEST_HOST)";
				COPY_PHASE_STRIP = NO;
				DEBUG_INFORMATION_FORMAT = "dwarf-with-dsym";
				DEVELOPMENT_TEAM = "";
				FRAMEWORK_SEARCH_PATHS = (
					"$(SDKROOT)/Developer/Library/Frameworks",
					"$(inherited)",
				);
				HEADER_SEARCH_PATHS = (
					"$(inherited)",
					"\"${PODS_ROOT}/Headers/Public\"",
					"\"${PODS_ROOT}/Headers/Public/Google\"",
					"\"${PODS_ROOT}/Headers/Public/Google/Google\"",
					"\"${PODS_ROOT}/Headers/Public/GoogleAnalytics\"",
					"\"${PODS_ROOT}/Headers/Public/GoogleNetworkingUtilities\"",
					"\"${PODS_ROOT}/Headers/Public/GoogleSymbolUtilities\"",
					"\"${PODS_ROOT}/Headers/Public/GoogleUtilities\"",
					AnalayticsExample,
				);
				INFOPLIST_FILE = AnalyticsExample/Info.plist;
				IPHONEOS_DEPLOYMENT_TARGET = 8.3;
				LD_RUNPATH_SEARCH_PATHS = "$(inherited) @executable_path/Frameworks @loader_path/Frameworks";
				PRODUCT_BUNDLE_IDENTIFIER = "com.google.samples.quickstart.$(PRODUCT_NAME:rfc1034identifier)";
				PRODUCT_NAME = "$(TARGET_NAME)";
				SWIFT_VERSION = 3.0;
				TEST_HOST = "$(BUILT_PRODUCTS_DIR)/AnalyticsExample.app/AnalyticsExample";
			};
			name = Release;
		};
/* End XCBuildConfiguration section */

/* Begin XCConfigurationList section */
		5F5A53471ADE670C00F81DF0 /* Build configuration list for PBXProject "AnalyticsExample" */ = {
			isa = XCConfigurationList;
			buildConfigurations = (
				5F5A536D1ADE670C00F81DF0 /* Debug */,
				5F5A536E1ADE670C00F81DF0 /* Release */,
			);
			defaultConfigurationIsVisible = 0;
			defaultConfigurationName = Release;
		};
		5F5A536F1ADE670C00F81DF0 /* Build configuration list for PBXNativeTarget "AnalyticsExample" */ = {
			isa = XCConfigurationList;
			buildConfigurations = (
				5F5A53701ADE670C00F81DF0 /* Debug */,
				5F5A53711ADE670C00F81DF0 /* Release */,
			);
			defaultConfigurationIsVisible = 0;
			defaultConfigurationName = Release;
		};
		5F5A53991ADE67D500F81DF0 /* Build configuration list for PBXNativeTarget "AnalyticsExampleSwift" */ = {
			isa = XCConfigurationList;
			buildConfigurations = (
				5F5A53951ADE67D500F81DF0 /* Debug */,
				5F5A53961ADE67D500F81DF0 /* Release */,
			);
			defaultConfigurationIsVisible = 0;
			defaultConfigurationName = Release;
		};
		5FC7AD8C1B0D4106004E3100 /* Build configuration list for PBXNativeTarget "AnalyticsExampleTests" */ = {
			isa = XCConfigurationList;
			buildConfigurations = (
				5FC7AD8A1B0D4106004E3100 /* Debug */,
				5FC7AD8B1B0D4106004E3100 /* Release */,
			);
			defaultConfigurationIsVisible = 0;
			defaultConfigurationName = Release;
		};
/* End XCConfigurationList section */
	};
	rootObject = 5F5A53441ADE670C00F81DF0 /* Project object */;
}
