PODS:
  - GMPInstanceID (1.0.1):
    - GSDKOverload (~> 1.0)
    - GTM (~> 1.0)
    - GTMSessionFetcher (~> 1.0)
  - GoogleCloudMessaging (1.0.0):
    - GSDKOverload (~> 1.0)
    - GTM (~> 1.0)
    - GTMSessionFetcher (~> 1.0)
    - ProtocolBuffers2 (~> 1.0)
  - GoogleMobilePlatform/CloudMessaging (1.0.0):
    - GMPInstanceID (~> 1.0)
    - GoogleCloudMessaging (~> 1.0)
    - GoogleMobilePlatform/Core
  - GoogleMobilePlatform/Core (1.0.0):
    - GSDKOverload (~> 1.0)
    - GTM (~> 1.0)
    - GTMSessionFetcher (~> 1.0)
  - GSDKOverload (1.0.0)
  - GTM (1.0.0):
    - GSDKOverload (~> 1.0)
  - GTMSessionFetcher (1.0.0):
    - GSDKOverload (~> 1.0)
  - ProtocolBuffers2 (1.0.0):
    - GSDKOverload (~> 1.0)

DEPENDENCIES:
  - GoogleMobilePlatform/CloudMessaging

SPEC CHECKSUMS:
  GMPInstanceID: 7e9ce48032dd3b696b7e014466c8138d482bee60
  GoogleCloudMessaging: 4f6c2c6024e9d36481834309edd0af19f0facc89
  GoogleMobilePlatform: 29f5cc9d34cba01f10a62bc1861a1f93da908d8f
  GSDKOverload: e1323b04dec4fa4bfdbc9d18c7a60786e23a0aaf
  GTM: ae436663ed8f3273de67d30d4f36fe0b0db423fc
  GTMSessionFetcher: 0862831b200c502305a955fcb6a180da2b739bf4
  ProtocolBuffers2: 46dc5006bcc5bcde9703fede54971c839260f45a

COCOAPODS: 0.36.3
