<?xml version="1.0" encoding="UTF-8"?>
<!DOCTYPE plist PUBLIC "-//Apple//DTD PLIST 1.0//EN" "http://www.apple.com/DTDs/PropertyList-1.0.dtd">
<plist version="1.0">
<dict>
	<key>archiveVersion</key>
	<string>1</string>
	<key>classes</key>
	<dict/>
	<key>objectVersion</key>
	<string>46</string>
	<key>objects</key>
	<dict>
		<key>4B0CAF3F1ACF72EB006FC636</key>
		<dict>
			<key>isa</key>
			<string>PBXFileReference</string>
			<key>lastKnownFileType</key>
			<string>wrapper.plug-in</string>
			<key>name</key>
			<string>GoogleSignIn.bundle</string>
			<key>path</key>
			<string>Pods/GoogleSignIn/Resources/GoogleSignIn.bundle</string>
			<key>sourceTree</key>
			<string>&lt;group&gt;</string>
		</dict>
		<key>4B0CAF401ACF72EB006FC636</key>
		<dict>
			<key>fileRef</key>
			<string>4B0CAF3F1ACF72EB006FC636</string>
			<key>isa</key>
			<string>PBXBuildFile</string>
		</dict>
		<key>4B1A6C6F1B0A752100E1EDA2</key>
		<dict>
			<key>buildActionMask</key>
			<string>2147483647</string>
			<key>files</key>
			<array>
				<string>4B1A6C781B0A752100E1EDA2</string>
			</array>
			<key>isa</key>
			<string>PBXSourcesBuildPhase</string>
			<key>runOnlyForDeploymentPostprocessing</key>
			<string>0</string>
		</dict>
		<key>4B1A6C701B0A752100E1EDA2</key>
		<dict>
			<key>buildActionMask</key>
			<string>2147483647</string>
			<key>files</key>
			<array/>
			<key>isa</key>
			<string>PBXFrameworksBuildPhase</string>
			<key>runOnlyForDeploymentPostprocessing</key>
			<string>0</string>
		</dict>
		<key>4B1A6C711B0A752100E1EDA2</key>
		<dict>
			<key>buildActionMask</key>
			<string>2147483647</string>
			<key>files</key>
			<array/>
			<key>isa</key>
			<string>PBXResourcesBuildPhase</string>
			<key>runOnlyForDeploymentPostprocessing</key>
			<string>0</string>
		</dict>
		<key>4B1A6C721B0A752100E1EDA2</key>
		<dict>
			<key>buildConfigurationList</key>
			<string>4B1A6C7D1B0A752100E1EDA2</string>
			<key>buildPhases</key>
			<array>
				<string>4B1A6C6F1B0A752100E1EDA2</string>
				<string>4B1A6C701B0A752100E1EDA2</string>
				<string>4B1A6C711B0A752100E1EDA2</string>
			</array>
			<key>buildRules</key>
			<array/>
			<key>dependencies</key>
			<array>
				<string>4B1A6C7A1B0A752100E1EDA2</string>
			</array>
			<key>isa</key>
			<string>PBXNativeTarget</string>
			<key>name</key>
			<string>AppInvitesExampleTests</string>
			<key>productName</key>
			<string>AppInvitesExampleTests</string>
			<key>productReference</key>
			<string>4B1A6C731B0A752100E1EDA2</string>
			<key>productType</key>
			<string>com.apple.product-type.bundle.unit-test</string>
		</dict>
		<key>4B1A6C731B0A752100E1EDA2</key>
		<dict>
			<key>explicitFileType</key>
			<string>wrapper.cfbundle</string>
			<key>includeInIndex</key>
			<string>0</string>
			<key>isa</key>
			<string>PBXFileReference</string>
			<key>path</key>
			<string>AppInvitesExampleTests.xctest</string>
			<key>sourceTree</key>
			<string>BUILT_PRODUCTS_DIR</string>
		</dict>
		<key>4B1A6C741B0A752100E1EDA2</key>
		<dict>
			<key>children</key>
			<array>
				<string>4B1A6C771B0A752100E1EDA2</string>
				<string>4B1A6C751B0A752100E1EDA2</string>
			</array>
			<key>isa</key>
			<string>PBXGroup</string>
			<key>path</key>
			<string>AppInvitesExampleTests</string>
			<key>sourceTree</key>
			<string>&lt;group&gt;</string>
		</dict>
		<key>4B1A6C751B0A752100E1EDA2</key>
		<dict>
			<key>children</key>
			<array>
				<string>4B1A6C761B0A752100E1EDA2</string>
			</array>
			<key>isa</key>
			<string>PBXGroup</string>
			<key>name</key>
			<string>Supporting Files</string>
			<key>sourceTree</key>
			<string>&lt;group&gt;</string>
		</dict>
		<key>4B1A6C761B0A752100E1EDA2</key>
		<dict>
			<key>isa</key>
			<string>PBXFileReference</string>
			<key>lastKnownFileType</key>
			<string>text.plist.xml</string>
			<key>path</key>
			<string>Info.plist</string>
			<key>sourceTree</key>
			<string>&lt;group&gt;</string>
		</dict>
		<key>4B1A6C771B0A752100E1EDA2</key>
		<dict>
			<key>isa</key>
			<string>PBXFileReference</string>
			<key>lastKnownFileType</key>
			<string>sourcecode.c.objc</string>
			<key>path</key>
			<string>AppInvitesExampleTests.m</string>
			<key>sourceTree</key>
			<string>&lt;group&gt;</string>
		</dict>
		<key>4B1A6C781B0A752100E1EDA2</key>
		<dict>
			<key>fileRef</key>
			<string>4B1A6C771B0A752100E1EDA2</string>
			<key>isa</key>
			<string>PBXBuildFile</string>
		</dict>
		<key>4B1A6C791B0A752100E1EDA2</key>
		<dict>
			<key>containerPortal</key>
			<string>4BC032D61ACF33B70092326A</string>
			<key>isa</key>
			<string>PBXContainerItemProxy</string>
			<key>proxyType</key>
			<string>1</string>
			<key>remoteGlobalIDString</key>
			<string>4BC032DD1ACF33B70092326A</string>
			<key>remoteInfo</key>
			<string>AppInvitesExample</string>
		</dict>
		<key>4B1A6C7A1B0A752100E1EDA2</key>
		<dict>
			<key>isa</key>
			<string>PBXTargetDependency</string>
			<key>target</key>
			<string>4BC032DD1ACF33B70092326A</string>
			<key>targetProxy</key>
			<string>4B1A6C791B0A752100E1EDA2</string>
		</dict>
		<key>4B1A6C7B1B0A752100E1EDA2</key>
		<dict>
			<key>buildSettings</key>
			<dict>
				<key>BUNDLE_LOADER</key>
				<string>$(TEST_HOST)</string>
				<key>DEBUG_INFORMATION_FORMAT</key>
				<string>dwarf-with-dsym</string>
				<key>FRAMEWORK_SEARCH_PATHS</key>
				<array>
					<string>$(SDKROOT)/Developer/Library/Frameworks</string>
					<string>$(inherited)</string>
				</array>
				<key>GCC_NO_COMMON_BLOCKS</key>
				<string>YES</string>
				<key>GCC_PREPROCESSOR_DEFINITIONS</key>
				<array>
					<string>DEBUG=1</string>
					<string>$(inherited)</string>
				</array>
				<key>INFOPLIST_FILE</key>
				<string>AppInvitesExampleTests/Info.plist</string>
				<key>IPHONEOS_DEPLOYMENT_TARGET</key>
				<string>8.3</string>
				<key>LD_RUNPATH_SEARCH_PATHS</key>
				<string>$(inherited) @executable_path/Frameworks @loader_path/Frameworks</string>
				<key>PRODUCT_BUNDLE_IDENTIFIER</key>
				<string>com.google.samples.quickstart.$(PRODUCT_NAME:rfc1034identifier)</string>
				<key>PRODUCT_NAME</key>
				<string>$(TARGET_NAME)</string>
				<key>TEST_HOST</key>
				<string>$(BUILT_PRODUCTS_DIR)/AppInvitesExample.app/AppInvitesExample</string>
			</dict>
			<key>isa</key>
			<string>XCBuildConfiguration</string>
			<key>name</key>
			<string>Debug</string>
		</dict>
		<key>4B1A6C7C1B0A752100E1EDA2</key>
		<dict>
			<key>buildSettings</key>
			<dict>
				<key>BUNDLE_LOADER</key>
				<string>$(TEST_HOST)</string>
				<key>DEBUG_INFORMATION_FORMAT</key>
				<string>dwarf-with-dsym</string>
				<key>FRAMEWORK_SEARCH_PATHS</key>
				<array>
					<string>$(SDKROOT)/Developer/Library/Frameworks</string>
					<string>$(inherited)</string>
				</array>
				<key>GCC_NO_COMMON_BLOCKS</key>
				<string>YES</string>
				<key>INFOPLIST_FILE</key>
				<string>AppInvitesExampleTests/Info.plist</string>
				<key>IPHONEOS_DEPLOYMENT_TARGET</key>
				<string>8.3</string>
				<key>LD_RUNPATH_SEARCH_PATHS</key>
				<string>$(inherited) @executable_path/Frameworks @loader_path/Frameworks</string>
				<key>PRODUCT_BUNDLE_IDENTIFIER</key>
				<string>com.google.samples.quickstart.$(PRODUCT_NAME:rfc1034identifier)</string>
				<key>PRODUCT_NAME</key>
				<string>$(TARGET_NAME)</string>
				<key>TEST_HOST</key>
				<string>$(BUILT_PRODUCTS_DIR)/AppInvitesExample.app/AppInvitesExample</string>
			</dict>
			<key>isa</key>
			<string>XCBuildConfiguration</string>
			<key>name</key>
			<string>Release</string>
		</dict>
		<key>4B1A6C7D1B0A752100E1EDA2</key>
		<dict>
			<key>buildConfigurations</key>
			<array>
				<string>4B1A6C7B1B0A752100E1EDA2</string>
				<string>4B1A6C7C1B0A752100E1EDA2</string>
			</array>
			<key>defaultConfigurationIsVisible</key>
			<string>0</string>
			<key>defaultConfigurationName</key>
			<string>Release</string>
			<key>isa</key>
			<string>XCConfigurationList</string>
		</dict>
		<key>4B1F2A351B01375C00F69A92</key>
		<dict>
			<key>fileEncoding</key>
			<string>4</string>
			<key>isa</key>
			<string>PBXFileReference</string>
			<key>lastKnownFileType</key>
			<string>sourcecode.swift</string>
			<key>path</key>
			<string>SignInViewController.swift</string>
			<key>sourceTree</key>
			<string>&lt;group&gt;</string>
		</dict>
		<key>4B1F2A361B01375C00F69A92</key>
		<dict>
			<key>fileRef</key>
			<string>4B1F2A351B01375C00F69A92</string>
			<key>isa</key>
			<string>PBXBuildFile</string>
		</dict>
		<key>4B3329241AE04F9500327B83</key>
		<dict>
			<key>fileRef</key>
			<string>4B0CAF3F1ACF72EB006FC636</string>
			<key>isa</key>
			<string>PBXBuildFile</string>
		</dict>
		<key>4B5CBBFB1AE9DBF700D822CE</key>
		<dict>
			<key>children</key>
			<array>
				<string>4B5CBBFC1AE9DBF700D822CE</string>
			</array>
			<key>isa</key>
			<string>PBXVariantGroup</string>
			<key>name</key>
			<string>Main.storyboard</string>
			<key>sourceTree</key>
			<string>&lt;group&gt;</string>
		</dict>
		<key>4B5CBBFC1AE9DBF700D822CE</key>
		<dict>
			<key>isa</key>
			<string>PBXFileReference</string>
			<key>lastKnownFileType</key>
			<string>file.storyboard</string>
			<key>name</key>
			<string>Base</string>
			<key>path</key>
			<string>Base.lproj/Main.storyboard</string>
			<key>sourceTree</key>
			<string>&lt;group&gt;</string>
		</dict>
		<key>4B97B24F1AD7145E0036DD6C</key>
		<dict>
			<key>buildActionMask</key>
			<string>2147483647</string>
			<key>files</key>
			<array>
				<string>4B97B25B1AD7145E0036DD6C</string>
				<string>4B97B2591AD7145E0036DD6C</string>
				<string>4B1F2A361B01375C00F69A92</string>
			</array>
			<key>isa</key>
			<string>PBXSourcesBuildPhase</string>
			<key>runOnlyForDeploymentPostprocessing</key>
			<string>0</string>
		</dict>
		<key>4B97B2501AD7145E0036DD6C</key>
		<dict>
			<key>buildActionMask</key>
			<string>2147483647</string>
			<key>files</key>
			<array>
				<string>4BA30A161AE81F5A00E5CDE9</string>
				<string>4BA30A171AE81F5A00E5CDE9</string>
				<string>4BA30A181AE81F5A00E5CDE9</string>
				<string>4BA30A191AE81F5A00E5CDE9</string>
				<string>4BA30A1A1AE81F5A00E5CDE9</string>
				<string>4BA30A1B1AE81F5A00E5CDE9</string>
			</array>
			<key>isa</key>
			<string>PBXFrameworksBuildPhase</string>
			<key>runOnlyForDeploymentPostprocessing</key>
			<string>0</string>
		</dict>
		<key>4B97B2511AD7145E0036DD6C</key>
		<dict>
			<key>buildActionMask</key>
			<string>2147483647</string>
			<key>files</key>
			<array>
				<string>EFB292061B0F20100021C8AC</string>
				<string>EFB292041B0F1F430021C8AC</string>
				<string>4BCF1C3D1AFBF65D0039B15C</string>
				<string>EFB292021B0F1F430021C8AC</string>
				<string>4B3329241AE04F9500327B83</string>
			</array>
			<key>isa</key>
			<string>PBXResourcesBuildPhase</string>
			<key>runOnlyForDeploymentPostprocessing</key>
			<string>0</string>
		</dict>
		<key>4B97B2521AD7145E0036DD6C</key>
		<dict>
			<key>buildConfigurationList</key>
			<string>4B97B2721AD7145E0036DD6C</string>
			<key>buildPhases</key>
			<array>
				<string>4B97B24F1AD7145E0036DD6C</string>
				<string>4B97B2511AD7145E0036DD6C</string>
				<string>4B97B2501AD7145E0036DD6C</string>
			</array>
			<key>buildRules</key>
			<array/>
			<key>dependencies</key>
			<array/>
			<key>isa</key>
			<string>PBXNativeTarget</string>
			<key>name</key>
			<string>AppInvitesExampleSwift</string>
			<key>productName</key>
			<string>AppInvitesExampleSwift</string>
			<key>productReference</key>
			<string>4B97B2531AD7145E0036DD6C</string>
			<key>productType</key>
			<string>com.apple.product-type.application</string>
		</dict>
		<key>4B97B2531AD7145E0036DD6C</key>
		<dict>
			<key>explicitFileType</key>
			<string>wrapper.application</string>
			<key>includeInIndex</key>
			<string>0</string>
			<key>isa</key>
			<string>PBXFileReference</string>
			<key>path</key>
			<string>AppInvitesExampleSwift.app</string>
			<key>sourceTree</key>
			<string>BUILT_PRODUCTS_DIR</string>
		</dict>
		<key>4B97B2551AD7145E0036DD6C</key>
		<dict>
			<key>children</key>
			<array>
				<string>4B97B2581AD7145E0036DD6C</string>
				<string>4B1F2A351B01375C00F69A92</string>
				<string>4B97B25A1AD7145E0036DD6C</string>
				<string>4B97B25F1AD7145E0036DD6C</string>
				<string>4B97B2561AD7145E0036DD6C</string>
			</array>
			<key>isa</key>
			<string>PBXGroup</string>
			<key>path</key>
			<string>AppInvitesExampleSwift</string>
			<key>sourceTree</key>
			<string>&lt;group&gt;</string>
		</dict>
		<key>4B97B2561AD7145E0036DD6C</key>
		<dict>
			<key>children</key>
			<array>
				<string>4BD491861AD717C3002569B8</string>
			</array>
			<key>isa</key>
			<string>PBXGroup</string>
			<key>name</key>
			<string>Supporting Files</string>
			<key>sourceTree</key>
			<string>&lt;group&gt;</string>
		</dict>
		<key>4B97B2581AD7145E0036DD6C</key>
		<dict>
			<key>isa</key>
			<string>PBXFileReference</string>
			<key>lastKnownFileType</key>
			<string>sourcecode.swift</string>
			<key>path</key>
			<string>AppDelegate.swift</string>
			<key>sourceTree</key>
			<string>&lt;group&gt;</string>
		</dict>
		<key>4B97B2591AD7145E0036DD6C</key>
		<dict>
			<key>fileRef</key>
			<string>4B97B2581AD7145E0036DD6C</string>
			<key>isa</key>
			<string>PBXBuildFile</string>
		</dict>
		<key>4B97B25A1AD7145E0036DD6C</key>
		<dict>
			<key>isa</key>
			<string>PBXFileReference</string>
			<key>lastKnownFileType</key>
			<string>sourcecode.swift</string>
			<key>path</key>
			<string>ViewController.swift</string>
			<key>sourceTree</key>
			<string>&lt;group&gt;</string>
		</dict>
		<key>4B97B25B1AD7145E0036DD6C</key>
		<dict>
			<key>fileRef</key>
			<string>4B97B25A1AD7145E0036DD6C</string>
			<key>isa</key>
			<string>PBXBuildFile</string>
		</dict>
		<key>4B97B25F1AD7145E0036DD6C</key>
		<dict>
			<key>isa</key>
			<string>PBXFileReference</string>
			<key>lastKnownFileType</key>
			<string>folder.assetcatalog</string>
			<key>path</key>
			<string>Images.xcassets</string>
			<key>sourceTree</key>
			<string>&lt;group&gt;</string>
		</dict>
		<key>4B97B2721AD7145E0036DD6C</key>
		<dict>
			<key>buildConfigurations</key>
			<array>
				<string>4B97B2731AD7145E0036DD6C</string>
				<string>4B97B2741AD7145E0036DD6C</string>
			</array>
			<key>defaultConfigurationIsVisible</key>
			<string>0</string>
			<key>defaultConfigurationName</key>
			<string>Release</string>
			<key>isa</key>
			<string>XCConfigurationList</string>
		</dict>
		<key>4B97B2731AD7145E0036DD6C</key>
		<dict>
			<key>buildSettings</key>
			<dict>
				<key>ASSETCATALOG_COMPILER_APPICON_NAME</key>
				<string>AppIcon</string>
				<key>CLANG_ENABLE_MODULES</key>
				<string>YES</string>
				<key>INFOPLIST_FILE</key>
				<string>AppInvitesExample/Info.plist</string>
				<key>LD_RUNPATH_SEARCH_PATHS</key>
				<string>$(inherited) @executable_path/Frameworks</string>
				<key>LIBRARY_SEARCH_PATHS</key>
				<array>
					<string>$(inherited)</string>
					<string>$(PROJECT_DIR)/build/Debug-iphoneos</string>
				</array>
				<key>ONLY_ACTIVE_ARCH</key>
				<string>YES</string>
				<key>OTHER_LDFLAGS</key>
				<string>$(inherited)</string>
				<key>PRODUCT_BUNDLE_IDENTIFIER</key>
				<string>com.google.samples.quickstart.AppInvitesExample</string>
				<key>PRODUCT_NAME</key>
				<string>$(TARGET_NAME)</string>
				<key>SDKROOT</key>
				<string>iphoneos</string>
				<key>SWIFT_OBJC_BRIDGING_HEADER</key>
				<string>AppInvitesExampleSwift/AppInvitesExampleSwift-Bridging-Header.h</string>
				<key>SWIFT_OPTIMIZATION_LEVEL</key>
				<string>-Onone</string>
				<key>VALID_ARCHS</key>
				<string>armv7 armv7s arm64</string>
			</dict>
			<key>isa</key>
			<string>XCBuildConfiguration</string>
			<key>name</key>
			<string>Debug</string>
		</dict>
		<key>4B97B2741AD7145E0036DD6C</key>
		<dict>
			<key>buildSettings</key>
			<dict>
				<key>ASSETCATALOG_COMPILER_APPICON_NAME</key>
				<string>AppIcon</string>
				<key>CLANG_ENABLE_MODULES</key>
				<string>YES</string>
				<key>INFOPLIST_FILE</key>
				<string>AppInvitesExampleSwift/Info.plist</string>
				<key>LD_RUNPATH_SEARCH_PATHS</key>
				<string>$(inherited) @executable_path/Frameworks</string>
				<key>LIBRARY_SEARCH_PATHS</key>
				<array>
					<string>$(inherited)</string>
					<string>$(PROJECT_DIR)/build/Debug-iphoneos</string>
				</array>
				<key>OTHER_LDFLAGS</key>
				<string>$(inherited)</string>
				<key>PRODUCT_BUNDLE_IDENTIFIER</key>
				<string>com.google.samples.quickstart.AppInvitesExample</string>
				<key>PRODUCT_NAME</key>
				<string>$(TARGET_NAME)</string>
				<key>SDKROOT</key>
				<string>iphoneos</string>
				<key>SWIFT_OBJC_BRIDGING_HEADER</key>
				<string>AppInvitesExampleSwift/AppInvitesExampleSwift-Bridging-Header.h</string>
				<key>VALID_ARCHS</key>
				<string>armv7 armv7s arm64</string>
			</dict>
			<key>isa</key>
			<string>XCBuildConfiguration</string>
			<key>name</key>
			<string>Release</string>
		</dict>
		<key>4BA30A161AE81F5A00E5CDE9</key>
		<dict>
			<key>fileRef</key>
			<string>4BDB99E21ACF472000C4DC2C</string>
			<key>isa</key>
			<string>PBXBuildFile</string>
		</dict>
		<key>4BA30A171AE81F5A00E5CDE9</key>
		<dict>
			<key>fileRef</key>
			<string>4BDB99E01ACF470F00C4DC2C</string>
			<key>isa</key>
			<string>PBXBuildFile</string>
		</dict>
		<key>4BA30A181AE81F5A00E5CDE9</key>
		<dict>
			<key>fileRef</key>
			<string>4BDB99DE1ACF46FA00C4DC2C</string>
			<key>isa</key>
			<string>PBXBuildFile</string>
		</dict>
		<key>4BA30A191AE81F5A00E5CDE9</key>
		<dict>
			<key>fileRef</key>
			<string>4BDB99DC1ACF46F400C4DC2C</string>
			<key>isa</key>
			<string>PBXBuildFile</string>
		</dict>
		<key>4BA30A1A1AE81F5A00E5CDE9</key>
		<dict>
			<key>fileRef</key>
			<string>4BDB99DA1ACF46EC00C4DC2C</string>
			<key>isa</key>
			<string>PBXBuildFile</string>
		</dict>
		<key>4BA30A1B1AE81F5A00E5CDE9</key>
		<dict>
			<key>fileRef</key>
			<string>4BDB99D81ACF46E500C4DC2C</string>
			<key>isa</key>
			<string>PBXBuildFile</string>
		</dict>
		<key>4BC032D51ACF33B70092326A</key>
		<dict>
			<key>children</key>
			<array>
				<string>4B0CAF3F1ACF72EB006FC636</string>
				<string>4BC032E01ACF33B70092326A</string>
				<string>4B97B2551AD7145E0036DD6C</string>
				<string>4B1A6C741B0A752100E1EDA2</string>
				<string>4BC032DF1ACF33B70092326A</string>
				<string>E27D599993EDB54E213FA076</string>
			</array>
			<key>isa</key>
			<string>PBXGroup</string>
			<key>sourceTree</key>
			<string>&lt;group&gt;</string>
		</dict>
		<key>4BC032D61ACF33B70092326A</key>
		<dict>
			<key>attributes</key>
			<dict>
				<key>LastSwiftUpdateCheck</key>
				<string>0700</string>
				<key>LastUpgradeCheck</key>
				<string>0700</string>
				<key>ORGANIZATIONNAME</key>
				<string>Google Inc.</string>
				<key>TargetAttributes</key>
				<dict>
					<key>4B1A6C721B0A752100E1EDA2</key>
					<dict>
						<key>CreatedOnToolsVersion</key>
						<string>6.3.1</string>
						<key>TestTargetID</key>
						<string>4BC032DD1ACF33B70092326A</string>
					</dict>
					<key>4BC032DD1ACF33B70092326A</key>
					<dict>
						<key>CreatedOnToolsVersion</key>
						<string>6.2</string>
					</dict>
				</dict>
			</dict>
			<key>buildConfigurationList</key>
			<string>4BC032D91ACF33B70092326A</string>
			<key>compatibilityVersion</key>
			<string>Xcode 3.2</string>
			<key>developmentRegion</key>
			<string>English</string>
			<key>hasScannedForEncodings</key>
			<string>0</string>
			<key>isa</key>
			<string>PBXProject</string>
			<key>knownRegions</key>
			<array>
				<string>en</string>
				<string>Base</string>
			</array>
			<key>mainGroup</key>
			<string>4BC032D51ACF33B70092326A</string>
			<key>productRefGroup</key>
			<string>4BC032DF1ACF33B70092326A</string>
			<key>projectDirPath</key>
			<string></string>
			<key>projectReferences</key>
			<array/>
			<key>projectRoot</key>
			<string></string>
			<key>targets</key>
			<array>
				<string>4BC032DD1ACF33B70092326A</string>
				<string>4B97B2521AD7145E0036DD6C</string>
				<string>4B1A6C721B0A752100E1EDA2</string>
			</array>
		</dict>
		<key>4BC032D91ACF33B70092326A</key>
		<dict>
			<key>buildConfigurations</key>
			<array>
				<string>4BC032FF1ACF33B70092326A</string>
				<string>4BC033001ACF33B70092326A</string>
			</array>
			<key>defaultConfigurationIsVisible</key>
			<string>0</string>
			<key>defaultConfigurationName</key>
			<string>Release</string>
			<key>isa</key>
			<string>XCConfigurationList</string>
		</dict>
		<key>4BC032DA1ACF33B70092326A</key>
		<dict>
			<key>buildActionMask</key>
			<string>2147483647</string>
			<key>files</key>
			<array>
				<string>4BCF1C421AFBFA8D0039B15C</string>
				<string>4BC032EA1ACF33B70092326A</string>
				<string>4BC032E71ACF33B70092326A</string>
				<string>4BC032E41ACF33B70092326A</string>
			</array>
			<key>isa</key>
			<string>PBXSourcesBuildPhase</string>
			<key>runOnlyForDeploymentPostprocessing</key>
			<string>0</string>
		</dict>
		<key>4BC032DB1ACF33B70092326A</key>
		<dict>
			<key>buildActionMask</key>
			<string>2147483647</string>
			<key>files</key>
			<array>
				<string>4BDB99E31ACF472000C4DC2C</string>
				<string>4BDB99E11ACF470F00C4DC2C</string>
				<string>4BDB99DF1ACF46FA00C4DC2C</string>
				<string>4BDB99DD1ACF46F400C4DC2C</string>
				<string>4BDB99DB1ACF46EC00C4DC2C</string>
				<string>4BDB99D91ACF46E500C4DC2C</string>
			</array>
			<key>isa</key>
			<string>PBXFrameworksBuildPhase</string>
			<key>runOnlyForDeploymentPostprocessing</key>
			<string>0</string>
		</dict>
		<key>4BC032DC1ACF33B70092326A</key>
		<dict>
			<key>buildActionMask</key>
			<string>2147483647</string>
			<key>files</key>
			<array>
				<string>EF4BB4D81B05B454003A1AC6</string>
				<string>EFB292011B0F1F430021C8AC</string>
				<string>4B0CAF401ACF72EB006FC636</string>
				<string>EFB292031B0F1F430021C8AC</string>
				<string>4BC032EF1ACF33B70092326A</string>
				<string>4BCF1C3C1AFBF6310039B15C</string>
			</array>
			<key>isa</key>
			<string>PBXResourcesBuildPhase</string>
			<key>runOnlyForDeploymentPostprocessing</key>
			<string>0</string>
		</dict>
		<key>4BC032DD1ACF33B70092326A</key>
		<dict>
			<key>buildConfigurationList</key>
			<string>4BC033011ACF33B70092326A</string>
			<key>buildPhases</key>
			<array>
				<string>4BC032DA1ACF33B70092326A</string>
				<string>4BC032DC1ACF33B70092326A</string>
				<string>4BC032DB1ACF33B70092326A</string>
			</array>
			<key>buildRules</key>
			<array/>
			<key>dependencies</key>
			<array/>
			<key>isa</key>
			<string>PBXNativeTarget</string>
			<key>name</key>
			<string>AppInvitesExample</string>
			<key>productName</key>
			<string>AppInvitesExample</string>
			<key>productReference</key>
			<string>4BC032DE1ACF33B70092326A</string>
			<key>productType</key>
			<string>com.apple.product-type.application</string>
		</dict>
		<key>4BC032DE1ACF33B70092326A</key>
		<dict>
			<key>explicitFileType</key>
			<string>wrapper.application</string>
			<key>includeInIndex</key>
			<string>0</string>
			<key>isa</key>
			<string>PBXFileReference</string>
			<key>path</key>
			<string>AppInvitesExample.app</string>
			<key>sourceTree</key>
			<string>BUILT_PRODUCTS_DIR</string>
		</dict>
		<key>4BC032DF1ACF33B70092326A</key>
		<dict>
			<key>children</key>
			<array>
				<string>4BC032DE1ACF33B70092326A</string>
				<string>4B97B2531AD7145E0036DD6C</string>
				<string>4B1A6C731B0A752100E1EDA2</string>
			</array>
			<key>isa</key>
			<string>PBXGroup</string>
			<key>name</key>
			<string>Products</string>
			<key>sourceTree</key>
			<string>&lt;group&gt;</string>
		</dict>
		<key>4BC032E01ACF33B70092326A</key>
		<dict>
			<key>children</key>
			<array>
				<string>4BC032E51ACF33B70092326A</string>
				<string>4BC032E61ACF33B70092326A</string>
				<string>4BCF1C431AFC01A40039B15C</string>
				<string>4BCF1C411AFBFA8D0039B15C</string>
				<string>4BC032E81ACF33B70092326A</string>
				<string>4BC032E91ACF33B70092326A</string>
				<string>4BC032EE1ACF33B70092326A</string>
				<string>4BC032F01ACF33B70092326A</string>
				<string>4BC032E11ACF33B70092326A</string>
			</array>
			<key>isa</key>
			<string>PBXGroup</string>
			<key>path</key>
			<string>AppInvitesExample</string>
			<key>sourceTree</key>
			<string>&lt;group&gt;</string>
		</dict>
		<key>4BC032E11ACF33B70092326A</key>
		<dict>
			<key>children</key>
			<array>
				<string>EFB291FB1B0F1F430021C8AC</string>
				<string>4BCF1C3B1AFBF6310039B15C</string>
				<string>4B5CBBFB1AE9DBF700D822CE</string>
				<string>4BC032E21ACF33B70092326A</string>
				<string>4BC032E31ACF33B70092326A</string>
			</array>
			<key>isa</key>
			<string>PBXGroup</string>
			<key>name</key>
			<string>Supporting Files</string>
			<key>sourceTree</key>
			<string>&lt;group&gt;</string>
		</dict>
		<key>4BC032E21ACF33B70092326A</key>
		<dict>
			<key>isa</key>
			<string>PBXFileReference</string>
			<key>lastKnownFileType</key>
			<string>text.plist.xml</string>
			<key>path</key>
			<string>Info.plist</string>
			<key>sourceTree</key>
			<string>&lt;group&gt;</string>
		</dict>
		<key>4BC032E31ACF33B70092326A</key>
		<dict>
			<key>isa</key>
			<string>PBXFileReference</string>
			<key>lastKnownFileType</key>
			<string>sourcecode.c.objc</string>
			<key>path</key>
			<string>main.m</string>
			<key>sourceTree</key>
			<string>&lt;group&gt;</string>
		</dict>
		<key>4BC032E41ACF33B70092326A</key>
		<dict>
			<key>fileRef</key>
			<string>4BC032E31ACF33B70092326A</string>
			<key>isa</key>
			<string>PBXBuildFile</string>
		</dict>
		<key>4BC032E51ACF33B70092326A</key>
		<dict>
			<key>isa</key>
			<string>PBXFileReference</string>
			<key>lastKnownFileType</key>
			<string>sourcecode.c.h</string>
			<key>path</key>
			<string>AppDelegate.h</string>
			<key>sourceTree</key>
			<string>&lt;group&gt;</string>
		</dict>
		<key>4BC032E61ACF33B70092326A</key>
		<dict>
			<key>isa</key>
			<string>PBXFileReference</string>
			<key>lastKnownFileType</key>
			<string>sourcecode.c.objc</string>
			<key>path</key>
			<string>AppDelegate.m</string>
			<key>sourceTree</key>
			<string>&lt;group&gt;</string>
		</dict>
		<key>4BC032E71ACF33B70092326A</key>
		<dict>
			<key>fileRef</key>
			<string>4BC032E61ACF33B70092326A</string>
			<key>isa</key>
			<string>PBXBuildFile</string>
		</dict>
		<key>4BC032E81ACF33B70092326A</key>
		<dict>
			<key>isa</key>
			<string>PBXFileReference</string>
			<key>lastKnownFileType</key>
			<string>sourcecode.c.h</string>
			<key>path</key>
			<string>ViewController.h</string>
			<key>sourceTree</key>
			<string>&lt;group&gt;</string>
		</dict>
		<key>4BC032E91ACF33B70092326A</key>
		<dict>
			<key>isa</key>
			<string>PBXFileReference</string>
			<key>lastKnownFileType</key>
			<string>sourcecode.c.objc</string>
			<key>path</key>
			<string>ViewController.m</string>
			<key>sourceTree</key>
			<string>&lt;group&gt;</string>
		</dict>
		<key>4BC032EA1ACF33B70092326A</key>
		<dict>
			<key>fileRef</key>
			<string>4BC032E91ACF33B70092326A</string>
			<key>isa</key>
			<string>PBXBuildFile</string>
		</dict>
		<key>4BC032EE1ACF33B70092326A</key>
		<dict>
			<key>isa</key>
			<string>PBXFileReference</string>
			<key>lastKnownFileType</key>
			<string>folder.assetcatalog</string>
			<key>path</key>
			<string>Images.xcassets</string>
			<key>sourceTree</key>
			<string>&lt;group&gt;</string>
		</dict>
		<key>4BC032EF1ACF33B70092326A</key>
		<dict>
			<key>fileRef</key>
			<string>4BC032EE1ACF33B70092326A</string>
			<key>isa</key>
			<string>PBXBuildFile</string>
		</dict>
		<key>4BC032F01ACF33B70092326A</key>
		<dict>
			<key>children</key>
			<array>
				<string>4BC032F11ACF33B70092326A</string>
			</array>
			<key>isa</key>
			<string>PBXVariantGroup</string>
			<key>name</key>
			<string>LaunchScreen.xib</string>
			<key>sourceTree</key>
			<string>&lt;group&gt;</string>
		</dict>
		<key>4BC032F11ACF33B70092326A</key>
		<dict>
			<key>isa</key>
			<string>PBXFileReference</string>
			<key>lastKnownFileType</key>
			<string>file.xib</string>
			<key>name</key>
			<string>Base</string>
			<key>path</key>
			<string>Base.lproj/LaunchScreen.xib</string>
			<key>sourceTree</key>
			<string>&lt;group&gt;</string>
		</dict>
		<key>4BC032FF1ACF33B70092326A</key>
		<dict>
			<key>buildSettings</key>
			<dict>
				<key>ALWAYS_SEARCH_USER_PATHS</key>
				<string>NO</string>
				<key>CLANG_CXX_LANGUAGE_STANDARD</key>
				<string>gnu++0x</string>
				<key>CLANG_CXX_LIBRARY</key>
				<string>libc++</string>
				<key>CLANG_ENABLE_MODULES</key>
				<string>YES</string>
				<key>CLANG_ENABLE_OBJC_ARC</key>
				<string>YES</string>
				<key>CLANG_WARN_BOOL_CONVERSION</key>
				<string>YES</string>
				<key>CLANG_WARN_CONSTANT_CONVERSION</key>
				<string>YES</string>
				<key>CLANG_WARN_DIRECT_OBJC_ISA_USAGE</key>
				<string>YES_ERROR</string>
				<key>CLANG_WARN_EMPTY_BODY</key>
				<string>YES</string>
				<key>CLANG_WARN_ENUM_CONVERSION</key>
				<string>YES</string>
				<key>CLANG_WARN_INT_CONVERSION</key>
				<string>YES</string>
				<key>CLANG_WARN_OBJC_ROOT_CLASS</key>
				<string>YES_ERROR</string>
				<key>CLANG_WARN_UNREACHABLE_CODE</key>
				<string>YES</string>
				<key>CLANG_WARN__DUPLICATE_METHOD_MATCH</key>
				<string>YES</string>
				<key>CODE_SIGN_IDENTITY[sdk=iphoneos*]</key>
				<string>iPhone Developer</string>
				<key>COPY_PHASE_STRIP</key>
				<string>NO</string>
				<key>ENABLE_BITCODE</key>
				<string>NO</string>
				<key>ENABLE_STRICT_OBJC_MSGSEND</key>
				<string>YES</string>
				<key>ENABLE_TESTABILITY</key>
				<string>YES</string>
				<key>GCC_C_LANGUAGE_STANDARD</key>
				<string>gnu99</string>
				<key>GCC_DYNAMIC_NO_PIC</key>
				<string>NO</string>
				<key>GCC_OPTIMIZATION_LEVEL</key>
				<string>0</string>
				<key>GCC_PREPROCESSOR_DEFINITIONS</key>
				<array>
					<string>DEBUG=1</string>
					<string>$(inherited)</string>
				</array>
				<key>GCC_SYMBOLS_PRIVATE_EXTERN</key>
				<string>NO</string>
				<key>GCC_WARN_64_TO_32_BIT_CONVERSION</key>
				<string>YES</string>
				<key>GCC_WARN_ABOUT_RETURN_TYPE</key>
				<string>YES_ERROR</string>
				<key>GCC_WARN_UNDECLARED_SELECTOR</key>
				<string>YES</string>
				<key>GCC_WARN_UNINITIALIZED_AUTOS</key>
				<string>YES_AGGRESSIVE</string>
				<key>GCC_WARN_UNUSED_FUNCTION</key>
				<string>YES</string>
				<key>GCC_WARN_UNUSED_VARIABLE</key>
				<string>YES</string>
				<key>IPHONEOS_DEPLOYMENT_TARGET</key>
				<string>8.2</string>
				<key>MTL_ENABLE_DEBUG_INFO</key>
				<string>YES</string>
				<key>ONLY_ACTIVE_ARCH</key>
				<string>YES</string>
				<key>SDKROOT</key>
				<string>iphoneos</string>
				<key>TARGETED_DEVICE_FAMILY</key>
				<string>1,2</string>
			</dict>
			<key>isa</key>
			<string>XCBuildConfiguration</string>
			<key>name</key>
			<string>Debug</string>
		</dict>
		<key>4BC033001ACF33B70092326A</key>
		<dict>
			<key>buildSettings</key>
			<dict>
				<key>ALWAYS_SEARCH_USER_PATHS</key>
				<string>NO</string>
				<key>CLANG_CXX_LANGUAGE_STANDARD</key>
				<string>gnu++0x</string>
				<key>CLANG_CXX_LIBRARY</key>
				<string>libc++</string>
				<key>CLANG_ENABLE_MODULES</key>
				<string>YES</string>
				<key>CLANG_ENABLE_OBJC_ARC</key>
				<string>YES</string>
				<key>CLANG_WARN_BOOL_CONVERSION</key>
				<string>YES</string>
				<key>CLANG_WARN_CONSTANT_CONVERSION</key>
				<string>YES</string>
				<key>CLANG_WARN_DIRECT_OBJC_ISA_USAGE</key>
				<string>YES_ERROR</string>
				<key>CLANG_WARN_EMPTY_BODY</key>
				<string>YES</string>
				<key>CLANG_WARN_ENUM_CONVERSION</key>
				<string>YES</string>
				<key>CLANG_WARN_INT_CONVERSION</key>
				<string>YES</string>
				<key>CLANG_WARN_OBJC_ROOT_CLASS</key>
				<string>YES_ERROR</string>
				<key>CLANG_WARN_UNREACHABLE_CODE</key>
				<string>YES</string>
				<key>CLANG_WARN__DUPLICATE_METHOD_MATCH</key>
				<string>YES</string>
				<key>CODE_SIGN_IDENTITY[sdk=iphoneos*]</key>
				<string>iPhone Developer</string>
				<key>COPY_PHASE_STRIP</key>
				<string>NO</string>
				<key>ENABLE_BITCODE</key>
				<string>NO</string>
				<key>ENABLE_NS_ASSERTIONS</key>
				<string>NO</string>
				<key>ENABLE_STRICT_OBJC_MSGSEND</key>
				<string>YES</string>
				<key>GCC_C_LANGUAGE_STANDARD</key>
				<string>gnu99</string>
				<key>GCC_WARN_64_TO_32_BIT_CONVERSION</key>
				<string>YES</string>
				<key>GCC_WARN_ABOUT_RETURN_TYPE</key>
				<string>YES_ERROR</string>
				<key>GCC_WARN_UNDECLARED_SELECTOR</key>
				<string>YES</string>
				<key>GCC_WARN_UNINITIALIZED_AUTOS</key>
				<string>YES_AGGRESSIVE</string>
				<key>GCC_WARN_UNUSED_FUNCTION</key>
				<string>YES</string>
				<key>GCC_WARN_UNUSED_VARIABLE</key>
				<string>YES</string>
				<key>IPHONEOS_DEPLOYMENT_TARGET</key>
				<string>8.2</string>
				<key>MTL_ENABLE_DEBUG_INFO</key>
				<string>NO</string>
				<key>SDKROOT</key>
				<string>iphoneos</string>
				<key>TARGETED_DEVICE_FAMILY</key>
				<string>1,2</string>
				<key>VALIDATE_PRODUCT</key>
				<string>YES</string>
			</dict>
			<key>isa</key>
			<string>XCBuildConfiguration</string>
			<key>name</key>
			<string>Release</string>
		</dict>
		<key>4BC033011ACF33B70092326A</key>
		<dict>
			<key>buildConfigurations</key>
			<array>
				<string>4BC033021ACF33B70092326A</string>
				<string>4BC033031ACF33B70092326A</string>
			</array>
			<key>defaultConfigurationIsVisible</key>
			<string>0</string>
			<key>defaultConfigurationName</key>
			<string>Release</string>
			<key>isa</key>
			<string>XCConfigurationList</string>
		</dict>
		<key>4BC033021ACF33B70092326A</key>
		<dict>
			<key>buildSettings</key>
			<dict>
				<key>ASSETCATALOG_COMPILER_APPICON_NAME</key>
				<string>AppIcon</string>
				<key>ENABLE_BITCODE</key>
				<string>NO</string>
				<key>INFOPLIST_FILE</key>
				<string>AppInvitesExample/Info.plist</string>
				<key>LD_RUNPATH_SEARCH_PATHS</key>
				<string>$(inherited) @executable_path/Frameworks</string>
				<key>PRODUCT_BUNDLE_IDENTIFIER</key>
				<string>com.google.samples.quickstart.AppInvitesExample</string>
				<key>PRODUCT_NAME</key>
				<string>$(TARGET_NAME)</string>
			</dict>
			<key>isa</key>
			<string>XCBuildConfiguration</string>
			<key>name</key>
			<string>Debug</string>
		</dict>
		<key>4BC033031ACF33B70092326A</key>
		<dict>
			<key>buildSettings</key>
			<dict>
				<key>ASSETCATALOG_COMPILER_APPICON_NAME</key>
				<string>AppIcon</string>
				<key>ENABLE_BITCODE</key>
				<string>NO</string>
				<key>INFOPLIST_FILE</key>
				<string>AppInvitesExample/Info.plist</string>
				<key>LD_RUNPATH_SEARCH_PATHS</key>
				<string>$(inherited) @executable_path/Frameworks</string>
				<key>PRODUCT_BUNDLE_IDENTIFIER</key>
				<string>com.google.samples.quickstart.AppInvitesExample</string>
				<key>PRODUCT_NAME</key>
				<string>$(TARGET_NAME)</string>
			</dict>
			<key>isa</key>
			<string>XCBuildConfiguration</string>
			<key>name</key>
			<string>Release</string>
		</dict>
		<key>4BCF1C3B1AFBF6310039B15C</key>
		<dict>
			<key>isa</key>
			<string>PBXFileReference</string>
			<key>lastKnownFileType</key>
			<string>image.png</string>
			<key>name</key>
			<string>appbg.png</string>
			<key>path</key>
			<string>Images.xcassets/appbg.png</string>
			<key>sourceTree</key>
			<string>&lt;group&gt;</string>
		</dict>
		<key>4BCF1C3C1AFBF6310039B15C</key>
		<dict>
			<key>fileRef</key>
			<string>4BCF1C3B1AFBF6310039B15C</string>
			<key>isa</key>
			<string>PBXBuildFile</string>
		</dict>
		<key>4BCF1C3D1AFBF65D0039B15C</key>
		<dict>
			<key>fileRef</key>
			<string>4BCF1C3B1AFBF6310039B15C</string>
			<key>isa</key>
			<string>PBXBuildFile</string>
		</dict>
		<key>4BCF1C411AFBFA8D0039B15C</key>
		<dict>
			<key>fileEncoding</key>
			<string>4</string>
			<key>isa</key>
			<string>PBXFileReference</string>
			<key>lastKnownFileType</key>
			<string>sourcecode.c.objc</string>
			<key>path</key>
			<string>SignInViewController.m</string>
			<key>sourceTree</key>
			<string>&lt;group&gt;</string>
		</dict>
		<key>4BCF1C421AFBFA8D0039B15C</key>
		<dict>
			<key>fileRef</key>
			<string>4BCF1C411AFBFA8D0039B15C</string>
			<key>isa</key>
			<string>PBXBuildFile</string>
		</dict>
		<key>4BCF1C431AFC01A40039B15C</key>
		<dict>
			<key>fileEncoding</key>
			<string>4</string>
			<key>isa</key>
			<string>PBXFileReference</string>
			<key>lastKnownFileType</key>
			<string>sourcecode.c.h</string>
			<key>path</key>
			<string>SignInViewController.h</string>
			<key>sourceTree</key>
			<string>&lt;group&gt;</string>
		</dict>
		<key>4BD491861AD717C3002569B8</key>
		<dict>
			<key>isa</key>
			<string>PBXFileReference</string>
			<key>lastKnownFileType</key>
			<string>sourcecode.c.h</string>
			<key>path</key>
			<string>AppInvitesExampleSwift-Bridging-Header.h</string>
			<key>sourceTree</key>
			<string>&lt;group&gt;</string>
		</dict>
		<key>4BDB99D81ACF46E500C4DC2C</key>
		<dict>
			<key>isa</key>
			<string>PBXFileReference</string>
			<key>lastKnownFileType</key>
			<string>wrapper.framework</string>
			<key>name</key>
			<string>AddressBook.framework</string>
			<key>path</key>
			<string>System/Library/Frameworks/AddressBook.framework</string>
			<key>sourceTree</key>
			<string>SDKROOT</string>
		</dict>
		<key>4BDB99D91ACF46E500C4DC2C</key>
		<dict>
			<key>fileRef</key>
			<string>4BDB99D81ACF46E500C4DC2C</string>
			<key>isa</key>
			<string>PBXBuildFile</string>
		</dict>
		<key>4BDB99DA1ACF46EC00C4DC2C</key>
		<dict>
			<key>isa</key>
			<string>PBXFileReference</string>
			<key>lastKnownFileType</key>
			<string>wrapper.framework</string>
			<key>name</key>
			<string>AssetsLibrary.framework</string>
			<key>path</key>
			<string>System/Library/Frameworks/AssetsLibrary.framework</string>
			<key>sourceTree</key>
			<string>SDKROOT</string>
		</dict>
		<key>4BDB99DB1ACF46EC00C4DC2C</key>
		<dict>
			<key>fileRef</key>
			<string>4BDB99DA1ACF46EC00C4DC2C</string>
			<key>isa</key>
			<string>PBXBuildFile</string>
		</dict>
		<key>4BDB99DC1ACF46F400C4DC2C</key>
		<dict>
			<key>isa</key>
			<string>PBXFileReference</string>
			<key>lastKnownFileType</key>
			<string>wrapper.framework</string>
			<key>name</key>
			<string>CoreLocation.framework</string>
			<key>path</key>
			<string>System/Library/Frameworks/CoreLocation.framework</string>
			<key>sourceTree</key>
			<string>SDKROOT</string>
		</dict>
		<key>4BDB99DD1ACF46F400C4DC2C</key>
		<dict>
			<key>fileRef</key>
			<string>4BDB99DC1ACF46F400C4DC2C</string>
			<key>isa</key>
			<string>PBXBuildFile</string>
		</dict>
		<key>4BDB99DE1ACF46FA00C4DC2C</key>
		<dict>
			<key>isa</key>
			<string>PBXFileReference</string>
			<key>lastKnownFileType</key>
			<string>wrapper.framework</string>
			<key>name</key>
			<string>CoreMotion.framework</string>
			<key>path</key>
			<string>System/Library/Frameworks/CoreMotion.framework</string>
			<key>sourceTree</key>
			<string>SDKROOT</string>
		</dict>
		<key>4BDB99DF1ACF46FA00C4DC2C</key>
		<dict>
			<key>fileRef</key>
			<string>4BDB99DE1ACF46FA00C4DC2C</string>
			<key>isa</key>
			<string>PBXBuildFile</string>
		</dict>
		<key>4BDB99E01ACF470F00C4DC2C</key>
		<dict>
			<key>isa</key>
			<string>PBXFileReference</string>
			<key>lastKnownFileType</key>
			<string>wrapper.framework</string>
			<key>name</key>
			<string>MessageUI.framework</string>
			<key>path</key>
			<string>System/Library/Frameworks/MessageUI.framework</string>
			<key>sourceTree</key>
			<string>SDKROOT</string>
		</dict>
		<key>4BDB99E11ACF470F00C4DC2C</key>
		<dict>
			<key>fileRef</key>
			<string>4BDB99E01ACF470F00C4DC2C</string>
			<key>isa</key>
			<string>PBXBuildFile</string>
		</dict>
		<key>4BDB99E21ACF472000C4DC2C</key>
		<dict>
			<key>isa</key>
			<string>PBXFileReference</string>
			<key>lastKnownFileType</key>
			<string>wrapper.framework</string>
			<key>name</key>
			<string>SystemConfiguration.framework</string>
			<key>path</key>
			<string>System/Library/Frameworks/SystemConfiguration.framework</string>
			<key>sourceTree</key>
			<string>SDKROOT</string>
		</dict>
		<key>4BDB99E31ACF472000C4DC2C</key>
		<dict>
			<key>fileRef</key>
			<string>4BDB99E21ACF472000C4DC2C</string>
			<key>isa</key>
			<string>PBXBuildFile</string>
		</dict>
		<key>E27D599993EDB54E213FA076</key>
		<dict>
			<key>children</key>
			<array>
				<string>4BDB99E21ACF472000C4DC2C</string>
				<string>4BDB99E01ACF470F00C4DC2C</string>
				<string>4BDB99DE1ACF46FA00C4DC2C</string>
				<string>4BDB99DC1ACF46F400C4DC2C</string>
				<string>4BDB99DA1ACF46EC00C4DC2C</string>
				<string>4BDB99D81ACF46E500C4DC2C</string>
			</array>
			<key>isa</key>
			<string>PBXGroup</string>
			<key>name</key>
			<string>Frameworks</string>
			<key>sourceTree</key>
			<string>&lt;group&gt;</string>
		</dict>
		<key>EF4BB4D81B05B454003A1AC6</key>
		<dict>
			<key>fileRef</key>
			<string>4B5CBBFB1AE9DBF700D822CE</string>
			<key>isa</key>
			<string>PBXBuildFile</string>
		</dict>
		<key>EFB291FB1B0F1F430021C8AC</key>
		<dict>
			<key>children</key>
			<array>
				<string>EFB291FD1B0F1F430021C8AC</string>
				<string>EFB291FE1B0F1F430021C8AC</string>
			</array>
			<key>isa</key>
			<string>PBXGroup</string>
			<key>name</key>
			<string>shared</string>
			<key>path</key>
			<string>../../shared</string>
			<key>sourceTree</key>
			<string>&lt;group&gt;</string>
		</dict>
		<key>EFB291FD1B0F1F430021C8AC</key>
		<dict>
			<key>isa</key>
			<string>PBXFileReference</string>
			<key>lastKnownFileType</key>
			<string>folder.assetcatalog</string>
			<key>path</key>
			<string>Images.xcassets</string>
			<key>sourceTree</key>
			<string>&lt;group&gt;</string>
		</dict>
		<key>EFB291FE1B0F1F430021C8AC</key>
		<dict>
			<key>fileEncoding</key>
			<string>4</string>
			<key>isa</key>
			<string>PBXFileReference</string>
			<key>lastKnownFileType</key>
			<string>file.xib</string>
			<key>path</key>
			<string>LaunchScreen.xib</string>
			<key>sourceTree</key>
			<string>&lt;group&gt;</string>
		</dict>
		<key>EFB292011B0F1F430021C8AC</key>
		<dict>
			<key>fileRef</key>
			<string>EFB291FD1B0F1F430021C8AC</string>
			<key>isa</key>
			<string>PBXBuildFile</string>
		</dict>
		<key>EFB292021B0F1F430021C8AC</key>
		<dict>
			<key>fileRef</key>
			<string>EFB291FD1B0F1F430021C8AC</string>
			<key>isa</key>
			<string>PBXBuildFile</string>
		</dict>
		<key>EFB292031B0F1F430021C8AC</key>
		<dict>
			<key>fileRef</key>
			<string>EFB291FE1B0F1F430021C8AC</string>
			<key>isa</key>
			<string>PBXBuildFile</string>
		</dict>
		<key>EFB292041B0F1F430021C8AC</key>
		<dict>
			<key>fileRef</key>
			<string>EFB291FE1B0F1F430021C8AC</string>
			<key>isa</key>
			<string>PBXBuildFile</string>
		</dict>
		<key>EFB292061B0F20100021C8AC</key>
		<dict>
			<key>fileRef</key>
			<string>4B5CBBFB1AE9DBF700D822CE</string>
			<key>isa</key>
			<string>PBXBuildFile</string>
		</dict>
	</dict>
	<key>rootObject</key>
	<string>4BC032D61ACF33B70092326A</string>
</dict>
</plist>
