// !$*UTF8*$!
{
	archiveVersion = 1;
	classes = {
	};
	objectVersion = 46;
	objects = {

/* Begin PBXBuildFile section */
		10A034C61E039F9100A667F0 /* GcmExampleTests.m in Sources */ = {isa = PBXBuildFile; fileRef = 10A034C51E039F9100A667F0 /* GcmExampleTests.m */; };
		2C6749C81AE9975A00F9AB0A /* AppDelegate.swift in Sources */ = {isa = PBXBuildFile; fileRef = 2C6749C71AE9975A00F9AB0A /* AppDelegate.swift */; };
		2C6749CA1AE9975A00F9AB0A /* Images.xcassets in Resources */ = {isa = PBXBuildFile; fileRef = 2C6749C91AE9975A00F9AB0A /* Images.xcassets */; };
		2C6749CD1AE9975A00F9AB0A /* MainMenu.xib in Resources */ = {isa = PBXBuildFile; fileRef = 2C6749CB1AE9975A00F9AB0A /* MainMenu.xib */; };
		2C6749E21AE9979E00F9AB0A /* MasterViewController.swift in Sources */ = {isa = PBXBuildFile; fileRef = 2C6749E01AE9979E00F9AB0A /* MasterViewController.swift */; };
		2C6749E31AE9979E00F9AB0A /* MasterViewController.xib in Resources */ = {isa = PBXBuildFile; fileRef = 2C6749E11AE9979E00F9AB0A /* MasterViewController.xib */; };
		2C85628F1B01391E00F0B24B /* Main.storyboard in Resources */ = {isa = PBXBuildFile; fileRef = 5F5A53591ADE670C00F81DF0 /* Main.storyboard */; };
		5F5A53521ADE670C00F81DF0 /* main.m in Sources */ = {isa = PBXBuildFile; fileRef = 5F5A53511ADE670C00F81DF0 /* main.m */; };
		5F5A53551ADE670C00F81DF0 /* AppDelegate.m in Sources */ = {isa = PBXBuildFile; fileRef = 5F5A53541ADE670C00F81DF0 /* AppDelegate.m */; };
		5F5A53581ADE670C00F81DF0 /* ViewController.m in Sources */ = {isa = PBXBuildFile; fileRef = 5F5A53571ADE670C00F81DF0 /* ViewController.m */; };
		5F5A535B1ADE670C00F81DF0 /* Main.storyboard in Resources */ = {isa = PBXBuildFile; fileRef = 5F5A53591ADE670C00F81DF0 /* Main.storyboard */; };
		5F5A537E1ADE67D500F81DF0 /* AppDelegate.swift in Sources */ = {isa = PBXBuildFile; fileRef = 5F5A537D1ADE67D500F81DF0 /* AppDelegate.swift */; };
		5F5A53801ADE67D500F81DF0 /* ViewController.swift in Sources */ = {isa = PBXBuildFile; fileRef = 5F5A537F1ADE67D500F81DF0 /* ViewController.swift */; };
		5F99610A1AE0CF4F0034F503 /* Images.xcassets in Resources */ = {isa = PBXBuildFile; fileRef = 5F9961061AE0CF4F0034F503 /* Images.xcassets */; };
		5F99610B1AE0CF4F0034F503 /* Images.xcassets in Resources */ = {isa = PBXBuildFile; fileRef = 5F9961061AE0CF4F0034F503 /* Images.xcassets */; };
		5F99610C1AE0CF4F0034F503 /* LaunchScreen.xib in Resources */ = {isa = PBXBuildFile; fileRef = 5F9961071AE0CF4F0034F503 /* LaunchScreen.xib */; };
		5F99610D1AE0CF4F0034F503 /* LaunchScreen.xib in Resources */ = {isa = PBXBuildFile; fileRef = 5F9961071AE0CF4F0034F503 /* LaunchScreen.xib */; };
/* End PBXBuildFile section */

/* Begin PBXContainerItemProxy section */
		10A034C81E039F9100A667F0 /* PBXContainerItemProxy */ = {
			isa = PBXContainerItemProxy;
			containerPortal = 5F5A53441ADE670C00F81DF0 /* Project object */;
			proxyType = 1;
			remoteGlobalIDString = 5F5A534B1ADE670C00F81DF0;
			remoteInfo = GcmExample;
		};
/* End PBXContainerItemProxy section */

/* Begin PBXFileReference section */
		10A034C31E039F9100A667F0 /* GcmExampleTests.xctest */ = {isa = PBXFileReference; explicitFileType = wrapper.cfbundle; includeInIndex = 0; path = GcmExampleTests.xctest; sourceTree = BUILT_PRODUCTS_DIR; };
		10A034C51E039F9100A667F0 /* GcmExampleTests.m */ = {isa = PBXFileReference; lastKnownFileType = sourcecode.c.objc; path = GcmExampleTests.m; sourceTree = "<group>"; };
		10A034C71E039F9100A667F0 /* Info.plist */ = {isa = PBXFileReference; lastKnownFileType = text.plist.xml; path = Info.plist; sourceTree = "<group>"; };
		2C6749C31AE9975A00F9AB0A /* GcmServerDemo.app */ = {isa = PBXFileReference; explicitFileType = wrapper.application; includeInIndex = 0; path = GcmServerDemo.app; sourceTree = BUILT_PRODUCTS_DIR; };
		2C6749C61AE9975A00F9AB0A /* Info.plist */ = {isa = PBXFileReference; lastKnownFileType = text.plist.xml; path = Info.plist; sourceTree = "<group>"; };
		2C6749C71AE9975A00F9AB0A /* AppDelegate.swift */ = {isa = PBXFileReference; lastKnownFileType = sourcecode.swift; path = AppDelegate.swift; sourceTree = "<group>"; };
		2C6749C91AE9975A00F9AB0A /* Images.xcassets */ = {isa = PBXFileReference; lastKnownFileType = folder.assetcatalog; path = Images.xcassets; sourceTree = "<group>"; };
		2C6749CC1AE9975A00F9AB0A /* Base */ = {isa = PBXFileReference; lastKnownFileType = file.xib; name = Base; path = Base.lproj/MainMenu.xib; sourceTree = "<group>"; };
		2C6749E01AE9979E00F9AB0A /* MasterViewController.swift */ = {isa = PBXFileReference; fileEncoding = 4; lastKnownFileType = sourcecode.swift; path = MasterViewController.swift; sourceTree = "<group>"; };
		2C6749E11AE9979E00F9AB0A /* MasterViewController.xib */ = {isa = PBXFileReference; fileEncoding = 4; lastKnownFileType = file.xib; path = MasterViewController.xib; sourceTree = "<group>"; };
		5F5A534C1ADE670C00F81DF0 /* GcmExample.app */ = {isa = PBXFileReference; explicitFileType = wrapper.application; includeInIndex = 0; path = GcmExample.app; sourceTree = BUILT_PRODUCTS_DIR; };
		5F5A53501ADE670C00F81DF0 /* Info.plist */ = {isa = PBXFileReference; lastKnownFileType = text.plist.xml; path = Info.plist; sourceTree = "<group>"; };
		5F5A53511ADE670C00F81DF0 /* main.m */ = {isa = PBXFileReference; lastKnownFileType = sourcecode.c.objc; path = main.m; sourceTree = "<group>"; };
		5F5A53531ADE670C00F81DF0 /* AppDelegate.h */ = {isa = PBXFileReference; lastKnownFileType = sourcecode.c.h; path = AppDelegate.h; sourceTree = "<group>"; };
		5F5A53541ADE670C00F81DF0 /* AppDelegate.m */ = {isa = PBXFileReference; lastKnownFileType = sourcecode.c.objc; path = AppDelegate.m; sourceTree = "<group>"; };
		5F5A53561ADE670C00F81DF0 /* ViewController.h */ = {isa = PBXFileReference; lastKnownFileType = sourcecode.c.h; path = ViewController.h; sourceTree = "<group>"; };
		5F5A53571ADE670C00F81DF0 /* ViewController.m */ = {isa = PBXFileReference; lastKnownFileType = sourcecode.c.objc; path = ViewController.m; sourceTree = "<group>"; };
		5F5A535A1ADE670C00F81DF0 /* Base */ = {isa = PBXFileReference; lastKnownFileType = file.storyboard; name = Base; path = Base.lproj/Main.storyboard; sourceTree = "<group>"; };
		5F5A53791ADE67D500F81DF0 /* GcmExampleSwift.app */ = {isa = PBXFileReference; explicitFileType = wrapper.application; includeInIndex = 0; path = GcmExampleSwift.app; sourceTree = BUILT_PRODUCTS_DIR; };
		5F5A537D1ADE67D500F81DF0 /* AppDelegate.swift */ = {isa = PBXFileReference; lastKnownFileType = sourcecode.swift; path = AppDelegate.swift; sourceTree = "<group>"; };
		5F5A537F1ADE67D500F81DF0 /* ViewController.swift */ = {isa = PBXFileReference; lastKnownFileType = sourcecode.swift; path = ViewController.swift; sourceTree = "<group>"; };
		5F9961061AE0CF4F0034F503 /* Images.xcassets */ = {isa = PBXFileReference; lastKnownFileType = folder.assetcatalog; path = Images.xcassets; sourceTree = "<group>"; };
		5F9961071AE0CF4F0034F503 /* LaunchScreen.xib */ = {isa = PBXFileReference; fileEncoding = 4; lastKnownFileType = file.xib; path = LaunchScreen.xib; sourceTree = "<group>"; };
/* End PBXFileReference section */

/* Begin PBXFrameworksBuildPhase section */
		10A034C01E039F9100A667F0 /* Frameworks */ = {
			isa = PBXFrameworksBuildPhase;
			buildActionMask = 2147483647;
			files = (
			);
			runOnlyForDeploymentPostprocessing = 0;
		};
		2C6749C01AE9975A00F9AB0A /* Frameworks */ = {
			isa = PBXFrameworksBuildPhase;
			buildActionMask = 2147483647;
			files = (
			);
			runOnlyForDeploymentPostprocessing = 0;
		};
		5F5A53491ADE670C00F81DF0 /* Frameworks */ = {
			isa = PBXFrameworksBuildPhase;
			buildActionMask = 2147483647;
			files = (
			);
			runOnlyForDeploymentPostprocessing = 0;
		};
		5F5A53761ADE67D500F81DF0 /* Frameworks */ = {
			isa = PBXFrameworksBuildPhase;
			buildActionMask = 2147483647;
			files = (
			);
			runOnlyForDeploymentPostprocessing = 0;
		};
/* End PBXFrameworksBuildPhase section */

/* Begin PBXGroup section */
		10A034C41E039F9100A667F0 /* GcmExampleTests */ = {
			isa = PBXGroup;
			children = (
				10A034C51E039F9100A667F0 /* GcmExampleTests.m */,
				10A034C71E039F9100A667F0 /* Info.plist */,
			);
			path = GcmExampleTests;
			sourceTree = "<group>";
		};
		2C6749C41AE9975A00F9AB0A /* GcmServerDemo */ = {
			isa = PBXGroup;
			children = (
				2C6749C71AE9975A00F9AB0A /* AppDelegate.swift */,
				2C6749C91AE9975A00F9AB0A /* Images.xcassets */,
				2C6749CB1AE9975A00F9AB0A /* MainMenu.xib */,
				2C6749C51AE9975A00F9AB0A /* Supporting Files */,
				2C6749E01AE9979E00F9AB0A /* MasterViewController.swift */,
				2C6749E11AE9979E00F9AB0A /* MasterViewController.xib */,
			);
			path = GcmServerDemo;
			sourceTree = "<group>";
		};
		2C6749C51AE9975A00F9AB0A /* Supporting Files */ = {
			isa = PBXGroup;
			children = (
				2C6749C61AE9975A00F9AB0A /* Info.plist */,
			);
			name = "Supporting Files";
			sourceTree = "<group>";
		};
		5F5A53431ADE670C00F81DF0 = {
			isa = PBXGroup;
			children = (
				5F5A534E1ADE670C00F81DF0 /* GcmExample */,
				5F5A537A1ADE67D500F81DF0 /* GcmExampleSwift */,
				2C6749C41AE9975A00F9AB0A /* GcmServerDemo */,
				10A034C41E039F9100A667F0 /* GcmExampleTests */,
				5F5A534D1ADE670C00F81DF0 /* Products */,
				5F9961041AE0CF4F0034F503 /* Shared */,
			);
			sourceTree = "<group>";
		};
		5F5A534D1ADE670C00F81DF0 /* Products */ = {
			isa = PBXGroup;
			children = (
				5F5A534C1ADE670C00F81DF0 /* GcmExample.app */,
				5F5A53791ADE67D500F81DF0 /* GcmExampleSwift.app */,
				2C6749C31AE9975A00F9AB0A /* GcmServerDemo.app */,
				10A034C31E039F9100A667F0 /* GcmExampleTests.xctest */,
			);
			name = Products;
			sourceTree = "<group>";
		};
		5F5A534E1ADE670C00F81DF0 /* GcmExample */ = {
			isa = PBXGroup;
			children = (
				5F5A53531ADE670C00F81DF0 /* AppDelegate.h */,
				5F5A53541ADE670C00F81DF0 /* AppDelegate.m */,
				5F5A53561ADE670C00F81DF0 /* ViewController.h */,
				5F5A53571ADE670C00F81DF0 /* ViewController.m */,
				5F5A534F1ADE670C00F81DF0 /* Supporting Files */,
			);
			path = GcmExample;
			sourceTree = "<group>";
		};
		5F5A534F1ADE670C00F81DF0 /* Supporting Files */ = {
			isa = PBXGroup;
			children = (
				5F5A53591ADE670C00F81DF0 /* Main.storyboard */,
				5F5A53501ADE670C00F81DF0 /* Info.plist */,
				5F5A53511ADE670C00F81DF0 /* main.m */,
			);
			name = "Supporting Files";
			sourceTree = "<group>";
		};
		5F5A537A1ADE67D500F81DF0 /* GcmExampleSwift */ = {
			isa = PBXGroup;
			children = (
				5F5A537D1ADE67D500F81DF0 /* AppDelegate.swift */,
				5F5A537F1ADE67D500F81DF0 /* ViewController.swift */,
				5F5A537B1ADE67D500F81DF0 /* Supporting Files */,
			);
			path = GcmExampleSwift;
			sourceTree = "<group>";
		};
		5F5A537B1ADE67D500F81DF0 /* Supporting Files */ = {
			isa = PBXGroup;
			children = (
			);
			name = "Supporting Files";
			sourceTree = "<group>";
		};
		5F9961041AE0CF4F0034F503 /* Shared */ = {
			isa = PBXGroup;
			children = (
				5F9961061AE0CF4F0034F503 /* Images.xcassets */,
				5F9961071AE0CF4F0034F503 /* LaunchScreen.xib */,
			);
			name = Shared;
			path = ../shared;
			sourceTree = "<group>";
		};
/* End PBXGroup section */

/* Begin PBXNativeTarget section */
		10A034C21E039F9100A667F0 /* GcmExampleTests */ = {
			isa = PBXNativeTarget;
			buildConfigurationList = 10A034CC1E039F9100A667F0 /* Build configuration list for PBXNativeTarget "GcmExampleTests" */;
			buildPhases = (
				10A034BF1E039F9100A667F0 /* Sources */,
				10A034C01E039F9100A667F0 /* Frameworks */,
				10A034C11E039F9100A667F0 /* Resources */,
			);
			buildRules = (
			);
			dependencies = (
				10A034C91E039F9100A667F0 /* PBXTargetDependency */,
			);
			name = GcmExampleTests;
			productName = GcmExampleTests;
			productReference = 10A034C31E039F9100A667F0 /* GcmExampleTests.xctest */;
			productType = "com.apple.product-type.bundle.unit-test";
		};
		2C6749C21AE9975A00F9AB0A /* GcmServerDemo */ = {
			isa = PBXNativeTarget;
			buildConfigurationList = 2C6749DE1AE9975A00F9AB0A /* Build configuration list for PBXNativeTarget "GcmServerDemo" */;
			buildPhases = (
				2C6749BF1AE9975A00F9AB0A /* Sources */,
				2C6749C01AE9975A00F9AB0A /* Frameworks */,
				2C6749C11AE9975A00F9AB0A /* Resources */,
			);
			buildRules = (
			);
			dependencies = (
			);
			name = GcmServerDemo;
			productName = GcmServerDemo;
			productReference = 2C6749C31AE9975A00F9AB0A /* GcmServerDemo.app */;
			productType = "com.apple.product-type.application";
		};
		5F5A534B1ADE670C00F81DF0 /* GcmExample */ = {
			isa = PBXNativeTarget;
			buildConfigurationList = 5F5A536F1ADE670C00F81DF0 /* Build configuration list for PBXNativeTarget "GcmExample" */;
			buildPhases = (
				5F5A53481ADE670C00F81DF0 /* Sources */,
				5F5A53491ADE670C00F81DF0 /* Frameworks */,
				5F5A534A1ADE670C00F81DF0 /* Resources */,
			);
			buildRules = (
			);
			dependencies = (
			);
			name = GcmExample;
			productName = GcmExample;
			productReference = 5F5A534C1ADE670C00F81DF0 /* GcmExample.app */;
			productType = "com.apple.product-type.application";
		};
		5F5A53781ADE67D500F81DF0 /* GcmExampleSwift */ = {
			isa = PBXNativeTarget;
			buildConfigurationList = 5F5A53991ADE67D500F81DF0 /* Build configuration list for PBXNativeTarget "GcmExampleSwift" */;
			buildPhases = (
				5F5A53751ADE67D500F81DF0 /* Sources */,
				5F5A53761ADE67D500F81DF0 /* Frameworks */,
				5F5A53771ADE67D500F81DF0 /* Resources */,
			);
			buildRules = (
			);
			dependencies = (
			);
			name = GcmExampleSwift;
			productName = GcmExampleSwift;
			productReference = 5F5A53791ADE67D500F81DF0 /* GcmExampleSwift.app */;
			productType = "com.apple.product-type.application";
		};
/* End PBXNativeTarget section */

/* Begin PBXProject section */
		5F5A53441ADE670C00F81DF0 /* Project object */ = {
			isa = PBXProject;
			attributes = {
				LastSwiftUpdateCheck = 0700;
				LastUpgradeCheck = 0820;
				ORGANIZATIONNAME = "Google Inc.";
				TargetAttributes = {
					10A034C21E039F9100A667F0 = {
						CreatedOnToolsVersion = 8.2;
						ProvisioningStyle = Manual;
						TestTargetID = 5F5A534B1ADE670C00F81DF0;
					};
					2C6749C21AE9975A00F9AB0A = {
						CreatedOnToolsVersion = 6.2;
					};
					5F5A534B1ADE670C00F81DF0 = {
						CreatedOnToolsVersion = 6.3;
						LastSwiftMigration = 0820;
						ProvisioningStyle = Manual;
					};
					5F5A53781ADE67D500F81DF0 = {
						CreatedOnToolsVersion = 6.3;
						LastSwiftMigration = 0820;
						ProvisioningStyle = Manual;
					};
				};
			};
			buildConfigurationList = 5F5A53471ADE670C00F81DF0 /* Build configuration list for PBXProject "GcmExample" */;
			compatibilityVersion = "Xcode 3.2";
			developmentRegion = English;
			hasScannedForEncodings = 0;
			knownRegions = (
				en,
				Base,
			);
			mainGroup = 5F5A53431ADE670C00F81DF0;
			productRefGroup = 5F5A534D1ADE670C00F81DF0 /* Products */;
			projectDirPath = "";
			projectRoot = "";
			targets = (
				5F5A534B1ADE670C00F81DF0 /* GcmExample */,
				5F5A53781ADE67D500F81DF0 /* GcmExampleSwift */,
				2C6749C21AE9975A00F9AB0A /* GcmServerDemo */,
				10A034C21E039F9100A667F0 /* GcmExampleTests */,
			);
		};
/* End PBXProject section */

/* Begin PBXResourcesBuildPhase section */
		10A034C11E039F9100A667F0 /* Resources */ = {
			isa = PBXResourcesBuildPhase;
			buildActionMask = 2147483647;
			files = (
			);
			runOnlyForDeploymentPostprocessing = 0;
		};
		2C6749C11AE9975A00F9AB0A /* Resources */ = {
			isa = PBXResourcesBuildPhase;
			buildActionMask = 2147483647;
			files = (
				2C6749CA1AE9975A00F9AB0A /* Images.xcassets in Resources */,
				2C6749CD1AE9975A00F9AB0A /* MainMenu.xib in Resources */,
				2C6749E31AE9979E00F9AB0A /* MasterViewController.xib in Resources */,
			);
			runOnlyForDeploymentPostprocessing = 0;
		};
		5F5A534A1ADE670C00F81DF0 /* Resources */ = {
			isa = PBXResourcesBuildPhase;
			buildActionMask = 2147483647;
			files = (
				5F99610C1AE0CF4F0034F503 /* LaunchScreen.xib in Resources */,
				5F99610A1AE0CF4F0034F503 /* Images.xcassets in Resources */,
				5F5A535B1ADE670C00F81DF0 /* Main.storyboard in Resources */,
			);
			runOnlyForDeploymentPostprocessing = 0;
		};
		5F5A53771ADE67D500F81DF0 /* Resources */ = {
			isa = PBXResourcesBuildPhase;
			buildActionMask = 2147483647;
			files = (
				2C85628F1B01391E00F0B24B /* Main.storyboard in Resources */,
				5F99610D1AE0CF4F0034F503 /* LaunchScreen.xib in Resources */,
				5F99610B1AE0CF4F0034F503 /* Images.xcassets in Resources */,
			);
			runOnlyForDeploymentPostprocessing = 0;
		};
/* End PBXResourcesBuildPhase section */

/* Begin PBXSourcesBuildPhase section */
		10A034BF1E039F9100A667F0 /* Sources */ = {
			isa = PBXSourcesBuildPhase;
			buildActionMask = 2147483647;
			files = (
				10A034C61E039F9100A667F0 /* GcmExampleTests.m in Sources */,
			);
			runOnlyForDeploymentPostprocessing = 0;
		};
		2C6749BF1AE9975A00F9AB0A /* Sources */ = {
			isa = PBXSourcesBuildPhase;
			buildActionMask = 2147483647;
			files = (
				2C6749E21AE9979E00F9AB0A /* MasterViewController.swift in Sources */,
				2C6749C81AE9975A00F9AB0A /* AppDelegate.swift in Sources */,
			);
			runOnlyForDeploymentPostprocessing = 0;
		};
		5F5A53481ADE670C00F81DF0 /* Sources */ = {
			isa = PBXSourcesBuildPhase;
			buildActionMask = 2147483647;
			files = (
				5F5A53581ADE670C00F81DF0 /* ViewController.m in Sources */,
				5F5A53551ADE670C00F81DF0 /* AppDelegate.m in Sources */,
				5F5A53521ADE670C00F81DF0 /* main.m in Sources */,
			);
			runOnlyForDeploymentPostprocessing = 0;
		};
		5F5A53751ADE67D500F81DF0 /* Sources */ = {
			isa = PBXSourcesBuildPhase;
			buildActionMask = 2147483647;
			files = (
				5F5A53801ADE67D500F81DF0 /* ViewController.swift in Sources */,
				5F5A537E1ADE67D500F81DF0 /* AppDelegate.swift in Sources */,
			);
			runOnlyForDeploymentPostprocessing = 0;
		};
/* End PBXSourcesBuildPhase section */

/* Begin PBXTargetDependency section */
		10A034C91E039F9100A667F0 /* PBXTargetDependency */ = {
			isa = PBXTargetDependency;
			target = 5F5A534B1ADE670C00F81DF0 /* GcmExample */;
			targetProxy = 10A034C81E039F9100A667F0 /* PBXContainerItemProxy */;
		};
/* End PBXTargetDependency section */

/* Begin PBXVariantGroup section */
		2C6749CB1AE9975A00F9AB0A /* MainMenu.xib */ = {
			isa = PBXVariantGroup;
			children = (
				2C6749CC1AE9975A00F9AB0A /* Base */,
			);
			name = MainMenu.xib;
			sourceTree = "<group>";
		};
		5F5A53591ADE670C00F81DF0 /* Main.storyboard */ = {
			isa = PBXVariantGroup;
			children = (
				5F5A535A1ADE670C00F81DF0 /* Base */,
			);
			name = Main.storyboard;
			sourceTree = "<group>";
		};
/* End PBXVariantGroup section */

/* Begin XCBuildConfiguration section */
		10A034CA1E039F9100A667F0 /* Debug */ = {
			isa = XCBuildConfiguration;
			buildSettings = {
				BUNDLE_LOADER = "$(TEST_HOST)";
				CLANG_ANALYZER_NONNULL = YES;
				CLANG_WARN_DOCUMENTATION_COMMENTS = YES;
				DEBUG_INFORMATION_FORMAT = dwarf;
				DEVELOPMENT_TEAM = "";
				INFOPLIST_FILE = GcmExampleTests/Info.plist;
				IPHONEOS_DEPLOYMENT_TARGET = 10.2;
				LD_RUNPATH_SEARCH_PATHS = "$(inherited) @executable_path/Frameworks @loader_path/Frameworks";
				PRODUCT_BUNDLE_IDENTIFIER = com.google.firebase.samples.GcmExampleTests;
				PRODUCT_NAME = "$(TARGET_NAME)";
				TEST_HOST = "$(BUILT_PRODUCTS_DIR)/GcmExample.app/GcmExample";
			};
			name = Debug;
		};
		10A034CB1E039F9100A667F0 /* Release */ = {
			isa = XCBuildConfiguration;
			buildSettings = {
				BUNDLE_LOADER = "$(TEST_HOST)";
				CLANG_ANALYZER_NONNULL = YES;
				CLANG_WARN_DOCUMENTATION_COMMENTS = YES;
				COPY_PHASE_STRIP = NO;
				DEBUG_INFORMATION_FORMAT = "dwarf-with-dsym";
				DEVELOPMENT_TEAM = "";
				INFOPLIST_FILE = GcmExampleTests/Info.plist;
				IPHONEOS_DEPLOYMENT_TARGET = 10.2;
				LD_RUNPATH_SEARCH_PATHS = "$(inherited) @executable_path/Frameworks @loader_path/Frameworks";
				PRODUCT_BUNDLE_IDENTIFIER = com.google.firebase.samples.GcmExampleTests;
				PRODUCT_NAME = "$(TARGET_NAME)";
				TEST_HOST = "$(BUILT_PRODUCTS_DIR)/GcmExample.app/GcmExample";
			};
			name = Release;
		};
		2C6749DA1AE9975A00F9AB0A /* Debug */ = {
			isa = XCBuildConfiguration;
			buildSettings = {
				ASSETCATALOG_COMPILER_APPICON_NAME = AppIcon;
				COMBINE_HIDPI_IMAGES = YES;
				GCC_PREPROCESSOR_DEFINITIONS = (
					"DEBUG=1",
					"$(inherited)",
				);
				INFOPLIST_FILE = GcmServerDemo/Info.plist;
				LD_RUNPATH_SEARCH_PATHS = "$(inherited) @executable_path/../Frameworks";
				MACOSX_DEPLOYMENT_TARGET = 10.9;
				PRODUCT_BUNDLE_IDENTIFIER = "com.google.$(PRODUCT_NAME:rfc1034identifier)";
				PRODUCT_NAME = "$(TARGET_NAME)";
				SDKROOT = macosx;
				SWIFT_OPTIMIZATION_LEVEL = "-Onone";
			};
			name = Debug;
		};
		2C6749DB1AE9975A00F9AB0A /* Release */ = {
			isa = XCBuildConfiguration;
			buildSettings = {
				ASSETCATALOG_COMPILER_APPICON_NAME = AppIcon;
				COMBINE_HIDPI_IMAGES = YES;
				COPY_PHASE_STRIP = NO;
				DEBUG_INFORMATION_FORMAT = "dwarf-with-dsym";
				INFOPLIST_FILE = GcmServerDemo/Info.plist;
				LD_RUNPATH_SEARCH_PATHS = "$(inherited) @executable_path/../Frameworks";
				MACOSX_DEPLOYMENT_TARGET = 10.9;
				PRODUCT_BUNDLE_IDENTIFIER = "com.google.$(PRODUCT_NAME:rfc1034identifier)";
				PRODUCT_NAME = "$(TARGET_NAME)";
				SDKROOT = macosx;
			};
			name = Release;
		};
		5F5A536D1ADE670C00F81DF0 /* Debug */ = {
			isa = XCBuildConfiguration;
			buildSettings = {
				ALWAYS_SEARCH_USER_PATHS = NO;
				CLANG_CXX_LANGUAGE_STANDARD = "gnu++0x";
				CLANG_CXX_LIBRARY = "libc++";
				CLANG_ENABLE_MODULES = YES;
				CLANG_ENABLE_OBJC_ARC = YES;
				CLANG_WARN_BOOL_CONVERSION = YES;
				CLANG_WARN_CONSTANT_CONVERSION = YES;
				CLANG_WARN_DIRECT_OBJC_ISA_USAGE = YES_ERROR;
				CLANG_WARN_EMPTY_BODY = YES;
				CLANG_WARN_ENUM_CONVERSION = YES;
				CLANG_WARN_INFINITE_RECURSION = YES;
				CLANG_WARN_INT_CONVERSION = YES;
				CLANG_WARN_OBJC_ROOT_CLASS = YES_ERROR;
				CLANG_WARN_SUSPICIOUS_MOVE = YES;
				CLANG_WARN_UNREACHABLE_CODE = YES;
				CLANG_WARN__DUPLICATE_METHOD_MATCH = YES;
				"CODE_SIGN_IDENTITY[sdk=iphoneos*]" = "iPhone Developer";
				COPY_PHASE_STRIP = NO;
				ENABLE_BITCODE = NO;
				ENABLE_STRICT_OBJC_MSGSEND = YES;
				ENABLE_TESTABILITY = YES;
				GCC_C_LANGUAGE_STANDARD = gnu99;
				GCC_DYNAMIC_NO_PIC = NO;
				GCC_NO_COMMON_BLOCKS = YES;
				GCC_OPTIMIZATION_LEVEL = 0;
				GCC_PREPROCESSOR_DEFINITIONS = (
					"DEBUG=1",
					"$(inherited)",
				);
				GCC_SYMBOLS_PRIVATE_EXTERN = NO;
				GCC_WARN_64_TO_32_BIT_CONVERSION = YES;
				GCC_WARN_ABOUT_RETURN_TYPE = YES_ERROR;
				GCC_WARN_UNDECLARED_SELECTOR = YES;
				GCC_WARN_UNINITIALIZED_AUTOS = YES_AGGRESSIVE;
				GCC_WARN_UNUSED_FUNCTION = YES;
				GCC_WARN_UNUSED_VARIABLE = YES;
				IPHONEOS_DEPLOYMENT_TARGET = 8.0;
				MTL_ENABLE_DEBUG_INFO = YES;
				ONLY_ACTIVE_ARCH = YES;
				SDKROOT = iphoneos;
				SWIFT_VERSION = 3.0;
				TARGETED_DEVICE_FAMILY = "1,2";
			};
			name = Debug;
		};
		5F5A536E1ADE670C00F81DF0 /* Release */ = {
			isa = XCBuildConfiguration;
			buildSettings = {
				ALWAYS_SEARCH_USER_PATHS = NO;
				CLANG_CXX_LANGUAGE_STANDARD = "gnu++0x";
				CLANG_CXX_LIBRARY = "libc++";
				CLANG_ENABLE_MODULES = YES;
				CLANG_ENABLE_OBJC_ARC = YES;
				CLANG_WARN_BOOL_CONVERSION = YES;
				CLANG_WARN_CONSTANT_CONVERSION = YES;
				CLANG_WARN_DIRECT_OBJC_ISA_USAGE = YES_ERROR;
				CLANG_WARN_EMPTY_BODY = YES;
				CLANG_WARN_ENUM_CONVERSION = YES;
				CLANG_WARN_INFINITE_RECURSION = YES;
				CLANG_WARN_INT_CONVERSION = YES;
				CLANG_WARN_OBJC_ROOT_CLASS = YES_ERROR;
				CLANG_WARN_SUSPICIOUS_MOVE = YES;
				CLANG_WARN_UNREACHABLE_CODE = YES;
				CLANG_WARN__DUPLICATE_METHOD_MATCH = YES;
				"CODE_SIGN_IDENTITY[sdk=iphoneos*]" = "iPhone Developer";
				COPY_PHASE_STRIP = YES;
				ENABLE_BITCODE = NO;
				ENABLE_NS_ASSERTIONS = NO;
				ENABLE_STRICT_OBJC_MSGSEND = YES;
				GCC_C_LANGUAGE_STANDARD = gnu99;
				GCC_NO_COMMON_BLOCKS = YES;
				GCC_WARN_64_TO_32_BIT_CONVERSION = YES;
				GCC_WARN_ABOUT_RETURN_TYPE = YES_ERROR;
				GCC_WARN_UNDECLARED_SELECTOR = YES;
				GCC_WARN_UNINITIALIZED_AUTOS = YES_AGGRESSIVE;
				GCC_WARN_UNUSED_FUNCTION = YES;
				GCC_WARN_UNUSED_VARIABLE = YES;
				IPHONEOS_DEPLOYMENT_TARGET = 8.0;
				MTL_ENABLE_DEBUG_INFO = NO;
				SDKROOT = iphoneos;
				SWIFT_OPTIMIZATION_LEVEL = "-Owholemodule";
				SWIFT_VERSION = 3.0;
				TARGETED_DEVICE_FAMILY = "1,2";
				VALIDATE_PRODUCT = YES;
			};
			name = Release;
		};
		5F5A53701ADE670C00F81DF0 /* Debug */ = {
			isa = XCBuildConfiguration;
			buildSettings = {
				ASSETCATALOG_COMPILER_APPICON_NAME = AppIcon;
				ASSETCATALOG_COMPILER_LAUNCHIMAGE_NAME = LaunchImage;
				CODE_SIGN_IDENTITY = "iPhone Developer";
				DEVELOPMENT_TEAM = "";
				INFOPLIST_FILE = GcmExample/Info.plist;
				LD_RUNPATH_SEARCH_PATHS = "$(inherited) @executable_path/Frameworks";
				PRODUCT_BUNDLE_IDENTIFIER = com.google.samples.quickstart.GcmExample;
				PRODUCT_NAME = "$(TARGET_NAME)";
				SWIFT_VERSION = 3.0;
			};
			name = Debug;
		};
		5F5A53711ADE670C00F81DF0 /* Release */ = {
			isa = XCBuildConfiguration;
			buildSettings = {
				ASSETCATALOG_COMPILER_APPICON_NAME = AppIcon;
				ASSETCATALOG_COMPILER_LAUNCHIMAGE_NAME = LaunchImage;
				CODE_SIGN_IDENTITY = "iPhone Developer";
				DEVELOPMENT_TEAM = "";
				INFOPLIST_FILE = GcmExample/Info.plist;
				LD_RUNPATH_SEARCH_PATHS = "$(inherited) @executable_path/Frameworks";
				PRODUCT_BUNDLE_IDENTIFIER = com.google.samples.quickstart.GcmExample;
				PRODUCT_NAME = "$(TARGET_NAME)";
				SWIFT_VERSION = 3.0;
			};
			name = Release;
		};
		5F5A53951ADE67D500F81DF0 /* Debug */ = {
			isa = XCBuildConfiguration;
			buildSettings = {
				ASSETCATALOG_COMPILER_APPICON_NAME = AppIcon;
				ASSETCATALOG_COMPILER_LAUNCHIMAGE_NAME = LaunchImage;
				CODE_SIGN_IDENTITY = "iPhone Developer";
				DEVELOPMENT_TEAM = "";
				INFOPLIST_FILE = "$(SRCROOT)/GcmExample/Info.plist";
				LD_RUNPATH_SEARCH_PATHS = "$(inherited) @executable_path/Frameworks";
				PRODUCT_BUNDLE_IDENTIFIER = com.google.samples.quickstart.GcmExample;
				PRODUCT_NAME = "$(TARGET_NAME)";
				SWIFT_OBJC_BRIDGING_HEADER = "";
				SWIFT_VERSION = 3.0;
			};
			name = Debug;
		};
		5F5A53961ADE67D500F81DF0 /* Release */ = {
			isa = XCBuildConfiguration;
			buildSettings = {
				ASSETCATALOG_COMPILER_APPICON_NAME = AppIcon;
				ASSETCATALOG_COMPILER_LAUNCHIMAGE_NAME = LaunchImage;
				CODE_SIGN_IDENTITY = "iPhone Developer";
				DEVELOPMENT_TEAM = "";
				INFOPLIST_FILE = "$(SRCROOT)/GcmExample/Info.plist";
				LD_RUNPATH_SEARCH_PATHS = "$(inherited) @executable_path/Frameworks";
				PRODUCT_BUNDLE_IDENTIFIER = com.google.samples.quickstart.GcmExample;
				PRODUCT_NAME = "$(TARGET_NAME)";
				SWIFT_OBJC_BRIDGING_HEADER = "";
				SWIFT_VERSION = 3.0;
			};
			name = Release;
		};
/* End XCBuildConfiguration section */

/* Begin XCConfigurationList section */
		10A034CC1E039F9100A667F0 /* Build configuration list for PBXNativeTarget "GcmExampleTests" */ = {
			isa = XCConfigurationList;
			buildConfigurations = (
				10A034CA1E039F9100A667F0 /* Debug */,
				10A034CB1E039F9100A667F0 /* Release */,
			);
			defaultConfigurationIsVisible = 0;
			defaultConfigurationName = Release;
		};
		2C6749DE1AE9975A00F9AB0A /* Build configuration list for PBXNativeTarget "GcmServerDemo" */ = {
			isa = XCConfigurationList;
			buildConfigurations = (
				2C6749DA1AE9975A00F9AB0A /* Debug */,
				2C6749DB1AE9975A00F9AB0A /* Release */,
			);
			defaultConfigurationIsVisible = 0;
			defaultConfigurationName = Release;
		};
		5F5A53471ADE670C00F81DF0 /* Build configuration list for PBXProject "GcmExample" */ = {
			isa = XCConfigurationList;
			buildConfigurations = (
				5F5A536D1ADE670C00F81DF0 /* Debug */,
				5F5A536E1ADE670C00F81DF0 /* Release */,
			);
			defaultConfigurationIsVisible = 0;
			defaultConfigurationName = Release;
		};
		5F5A536F1ADE670C00F81DF0 /* Build configuration list for PBXNativeTarget "GcmExample" */ = {
			isa = XCConfigurationList;
			buildConfigurations = (
				5F5A53701ADE670C00F81DF0 /* Debug */,
				5F5A53711ADE670C00F81DF0 /* Release */,
			);
			defaultConfigurationIsVisible = 0;
			defaultConfigurationName = Release;
		};
		5F5A53991ADE67D500F81DF0 /* Build configuration list for PBXNativeTarget "GcmExampleSwift" */ = {
			isa = XCConfigurationList;
			buildConfigurations = (
				5F5A53951ADE67D500F81DF0 /* Debug */,
				5F5A53961ADE67D500F81DF0 /* Release */,
			);
			defaultConfigurationIsVisible = 0;
			defaultConfigurationName = Release;
		};
/* End XCConfigurationList section */
	};
	rootObject = 5F5A53441ADE670C00F81DF0 /* Project object */;
}
