<?xml version="1.0" encoding="UTF-8"?>
<!DOCTYPE plist PUBLIC "-//Apple//DTD PLIST 1.0//EN" "http://www.apple.com/DTDs/PropertyList-1.0.dtd">
<plist version="1.0">
<dict>
	<key>archiveVersion</key>
	<string>1</string>
	<key>classes</key>
	<dict/>
	<key>objectVersion</key>
	<string>46</string>
	<key>objects</key>
	<dict>
		<key>2C6749BF1AE9975A00F9AB0A</key>
		<dict>
			<key>buildActionMask</key>
			<string>2147483647</string>
			<key>files</key>
			<array>
				<string>2C6749E21AE9979E00F9AB0A</string>
				<string>2C6749C81AE9975A00F9AB0A</string>
			</array>
			<key>isa</key>
			<string>PBXSourcesBuildPhase</string>
			<key>runOnlyForDeploymentPostprocessing</key>
			<string>0</string>
		</dict>
		<key>2C6749C01AE9975A00F9AB0A</key>
		<dict>
			<key>buildActionMask</key>
			<string>2147483647</string>
			<key>files</key>
			<array/>
			<key>isa</key>
			<string>PBXFrameworksBuildPhase</string>
			<key>runOnlyForDeploymentPostprocessing</key>
			<string>0</string>
		</dict>
		<key>2C6749C11AE9975A00F9AB0A</key>
		<dict>
			<key>buildActionMask</key>
			<string>2147483647</string>
			<key>files</key>
			<array>
				<string>2C6749CA1AE9975A00F9AB0A</string>
				<string>2C6749CD1AE9975A00F9AB0A</string>
				<string>2C6749E31AE9979E00F9AB0A</string>
			</array>
			<key>isa</key>
			<string>PBXResourcesBuildPhase</string>
			<key>runOnlyForDeploymentPostprocessing</key>
			<string>0</string>
		</dict>
		<key>2C6749C21AE9975A00F9AB0A</key>
		<dict>
			<key>buildConfigurationList</key>
			<string>2C6749DE1AE9975A00F9AB0A</string>
			<key>buildPhases</key>
			<array>
				<string>2C6749BF1AE9975A00F9AB0A</string>
				<string>2C6749C01AE9975A00F9AB0A</string>
				<string>2C6749C11AE9975A00F9AB0A</string>
			</array>
			<key>buildRules</key>
			<array/>
			<key>dependencies</key>
			<array/>
			<key>isa</key>
			<string>PBXNativeTarget</string>
			<key>name</key>
			<string>GcmServerDemo</string>
			<key>productName</key>
			<string>GcmServerDemo</string>
			<key>productReference</key>
			<string>2C6749C31AE9975A00F9AB0A</string>
			<key>productType</key>
			<string>com.apple.product-type.application</string>
		</dict>
		<key>2C6749C31AE9975A00F9AB0A</key>
		<dict>
			<key>explicitFileType</key>
			<string>wrapper.application</string>
			<key>includeInIndex</key>
			<string>0</string>
			<key>isa</key>
			<string>PBXFileReference</string>
			<key>path</key>
			<string>GcmServerDemo.app</string>
			<key>sourceTree</key>
			<string>BUILT_PRODUCTS_DIR</string>
		</dict>
		<key>2C6749C41AE9975A00F9AB0A</key>
		<dict>
			<key>children</key>
			<array>
				<string>2C6749C71AE9975A00F9AB0A</string>
				<string>2C6749C91AE9975A00F9AB0A</string>
				<string>2C6749CB1AE9975A00F9AB0A</string>
				<string>2C6749C51AE9975A00F9AB0A</string>
				<string>2C6749E01AE9979E00F9AB0A</string>
				<string>2C6749E11AE9979E00F9AB0A</string>
			</array>
			<key>isa</key>
			<string>PBXGroup</string>
			<key>path</key>
			<string>GcmServerDemo</string>
			<key>sourceTree</key>
			<string>&lt;group&gt;</string>
		</dict>
		<key>2C6749C51AE9975A00F9AB0A</key>
		<dict>
			<key>children</key>
			<array>
				<string>2C6749C61AE9975A00F9AB0A</string>
			</array>
			<key>isa</key>
			<string>PBXGroup</string>
			<key>name</key>
			<string>Supporting Files</string>
			<key>sourceTree</key>
			<string>&lt;group&gt;</string>
		</dict>
		<key>2C6749C61AE9975A00F9AB0A</key>
		<dict>
			<key>isa</key>
			<string>PBXFileReference</string>
			<key>lastKnownFileType</key>
			<string>text.plist.xml</string>
			<key>path</key>
			<string>Info.plist</string>
			<key>sourceTree</key>
			<string>&lt;group&gt;</string>
		</dict>
		<key>2C6749C71AE9975A00F9AB0A</key>
		<dict>
			<key>isa</key>
			<string>PBXFileReference</string>
			<key>lastKnownFileType</key>
			<string>sourcecode.swift</string>
			<key>path</key>
			<string>AppDelegate.swift</string>
			<key>sourceTree</key>
			<string>&lt;group&gt;</string>
		</dict>
		<key>2C6749C81AE9975A00F9AB0A</key>
		<dict>
			<key>fileRef</key>
			<string>2C6749C71AE9975A00F9AB0A</string>
			<key>isa</key>
			<string>PBXBuildFile</string>
		</dict>
		<key>2C6749C91AE9975A00F9AB0A</key>
		<dict>
			<key>isa</key>
			<string>PBXFileReference</string>
			<key>lastKnownFileType</key>
			<string>folder.assetcatalog</string>
			<key>path</key>
			<string>Images.xcassets</string>
			<key>sourceTree</key>
			<string>&lt;group&gt;</string>
		</dict>
		<key>2C6749CA1AE9975A00F9AB0A</key>
		<dict>
			<key>fileRef</key>
			<string>2C6749C91AE9975A00F9AB0A</string>
			<key>isa</key>
			<string>PBXBuildFile</string>
		</dict>
		<key>2C6749CB1AE9975A00F9AB0A</key>
		<dict>
			<key>children</key>
			<array>
				<string>2C6749CC1AE9975A00F9AB0A</string>
			</array>
			<key>isa</key>
			<string>PBXVariantGroup</string>
			<key>name</key>
			<string>MainMenu.xib</string>
			<key>sourceTree</key>
			<string>&lt;group&gt;</string>
		</dict>
		<key>2C6749CC1AE9975A00F9AB0A</key>
		<dict>
			<key>isa</key>
			<string>PBXFileReference</string>
			<key>lastKnownFileType</key>
			<string>file.xib</string>
			<key>name</key>
			<string>Base</string>
			<key>path</key>
			<string>Base.lproj/MainMenu.xib</string>
			<key>sourceTree</key>
			<string>&lt;group&gt;</string>
		</dict>
		<key>2C6749CD1AE9975A00F9AB0A</key>
		<dict>
			<key>fileRef</key>
			<string>2C6749CB1AE9975A00F9AB0A</string>
			<key>isa</key>
			<string>PBXBuildFile</string>
		</dict>
		<key>2C6749DA1AE9975A00F9AB0A</key>
		<dict>
			<key>buildSettings</key>
			<dict>
				<key>ASSETCATALOG_COMPILER_APPICON_NAME</key>
				<string>AppIcon</string>
				<key>COMBINE_HIDPI_IMAGES</key>
				<string>YES</string>
				<key>GCC_PREPROCESSOR_DEFINITIONS</key>
				<array>
					<string>DEBUG=1</string>
					<string>$(inherited)</string>
				</array>
				<key>INFOPLIST_FILE</key>
				<string>GcmServerDemo/Info.plist</string>
				<key>LD_RUNPATH_SEARCH_PATHS</key>
				<string>$(inherited) @executable_path/../Frameworks</string>
				<key>MACOSX_DEPLOYMENT_TARGET</key>
				<string>10.9</string>
				<key>PRODUCT_BUNDLE_IDENTIFIER</key>
				<string>com.google.$(PRODUCT_NAME:rfc1034identifier)</string>
				<key>PRODUCT_NAME</key>
				<string>$(TARGET_NAME)</string>
				<key>SDKROOT</key>
				<string>macosx</string>
				<key>SWIFT_OPTIMIZATION_LEVEL</key>
				<string>-Onone</string>
			</dict>
			<key>isa</key>
			<string>XCBuildConfiguration</string>
			<key>name</key>
			<string>Debug</string>
		</dict>
		<key>2C6749DB1AE9975A00F9AB0A</key>
		<dict>
			<key>buildSettings</key>
			<dict>
				<key>ASSETCATALOG_COMPILER_APPICON_NAME</key>
				<string>AppIcon</string>
				<key>COMBINE_HIDPI_IMAGES</key>
				<string>YES</string>
				<key>COPY_PHASE_STRIP</key>
				<string>NO</string>
				<key>DEBUG_INFORMATION_FORMAT</key>
				<string>dwarf-with-dsym</string>
				<key>INFOPLIST_FILE</key>
				<string>GcmServerDemo/Info.plist</string>
				<key>LD_RUNPATH_SEARCH_PATHS</key>
				<string>$(inherited) @executable_path/../Frameworks</string>
				<key>MACOSX_DEPLOYMENT_TARGET</key>
				<string>10.9</string>
				<key>PRODUCT_BUNDLE_IDENTIFIER</key>
				<string>com.google.$(PRODUCT_NAME:rfc1034identifier)</string>
				<key>PRODUCT_NAME</key>
				<string>$(TARGET_NAME)</string>
				<key>SDKROOT</key>
				<string>macosx</string>
			</dict>
			<key>isa</key>
			<string>XCBuildConfiguration</string>
			<key>name</key>
			<string>Release</string>
		</dict>
		<key>2C6749DE1AE9975A00F9AB0A</key>
		<dict>
			<key>buildConfigurations</key>
			<array>
				<string>2C6749DA1AE9975A00F9AB0A</string>
				<string>2C6749DB1AE9975A00F9AB0A</string>
			</array>
			<key>defaultConfigurationIsVisible</key>
			<string>0</string>
			<key>defaultConfigurationName</key>
			<string>Release</string>
			<key>isa</key>
			<string>XCConfigurationList</string>
		</dict>
		<key>2C6749E01AE9979E00F9AB0A</key>
		<dict>
			<key>fileEncoding</key>
			<string>4</string>
			<key>isa</key>
			<string>PBXFileReference</string>
			<key>lastKnownFileType</key>
			<string>sourcecode.swift</string>
			<key>path</key>
			<string>MasterViewController.swift</string>
			<key>sourceTree</key>
			<string>&lt;group&gt;</string>
		</dict>
		<key>2C6749E11AE9979E00F9AB0A</key>
		<dict>
			<key>fileEncoding</key>
			<string>4</string>
			<key>isa</key>
			<string>PBXFileReference</string>
			<key>lastKnownFileType</key>
			<string>file.xib</string>
			<key>path</key>
			<string>MasterViewController.xib</string>
			<key>sourceTree</key>
			<string>&lt;group&gt;</string>
		</dict>
		<key>2C6749E21AE9979E00F9AB0A</key>
		<dict>
			<key>fileRef</key>
			<string>2C6749E01AE9979E00F9AB0A</string>
			<key>isa</key>
			<string>PBXBuildFile</string>
		</dict>
		<key>2C6749E31AE9979E00F9AB0A</key>
		<dict>
			<key>fileRef</key>
			<string>2C6749E11AE9979E00F9AB0A</string>
			<key>isa</key>
			<string>PBXBuildFile</string>
		</dict>
		<key>2C85628F1B01391E00F0B24B</key>
		<dict>
			<key>fileRef</key>
			<string>5F5A53591ADE670C00F81DF0</string>
			<key>isa</key>
			<string>PBXBuildFile</string>
		</dict>
		<key>5F5A53431ADE670C00F81DF0</key>
		<dict>
			<key>children</key>
			<array>
				<string>5F5A534E1ADE670C00F81DF0</string>
				<string>5F5A537A1ADE67D500F81DF0</string>
				<string>2C6749C41AE9975A00F9AB0A</string>
				<string>5F5A534D1ADE670C00F81DF0</string>
				<string>5F9961041AE0CF4F0034F503</string>
			</array>
			<key>isa</key>
			<string>PBXGroup</string>
			<key>sourceTree</key>
			<string>&lt;group&gt;</string>
		</dict>
		<key>5F5A53441ADE670C00F81DF0</key>
		<dict>
			<key>attributes</key>
			<dict>
				<key>LastSwiftUpdateCheck</key>
				<string>0700</string>
				<key>LastUpgradeCheck</key>
				<string>0700</string>
				<key>ORGANIZATIONNAME</key>
				<string>Google Inc.</string>
				<key>TargetAttributes</key>
				<dict>
					<key>2C6749C21AE9975A00F9AB0A</key>
					<dict>
						<key>CreatedOnToolsVersion</key>
						<string>6.2</string>
					</dict>
					<key>5F5A534B1ADE670C00F81DF0</key>
					<dict>
						<key>CreatedOnToolsVersion</key>
						<string>6.3</string>
						<key>DevelopmentTeam</key>
						<string>EQHXZ8M8AV</string>
					</dict>
					<key>5F5A53781ADE67D500F81DF0</key>
					<dict>
						<key>CreatedOnToolsVersion</key>
						<string>6.3</string>
						<key>DevelopmentTeam</key>
						<string>EQHXZ8M8AV</string>
					</dict>
				</dict>
			</dict>
			<key>buildConfigurationList</key>
			<string>5F5A53471ADE670C00F81DF0</string>
			<key>compatibilityVersion</key>
			<string>Xcode 3.2</string>
			<key>developmentRegion</key>
			<string>English</string>
			<key>hasScannedForEncodings</key>
			<string>0</string>
			<key>isa</key>
			<string>PBXProject</string>
			<key>knownRegions</key>
			<array>
				<string>en</string>
				<string>Base</string>
			</array>
			<key>mainGroup</key>
			<string>5F5A53431ADE670C00F81DF0</string>
			<key>productRefGroup</key>
			<string>5F5A534D1ADE670C00F81DF0</string>
			<key>projectDirPath</key>
			<string></string>
			<key>projectReferences</key>
			<array/>
			<key>projectRoot</key>
			<string></string>
			<key>targets</key>
			<array>
				<string>5F5A534B1ADE670C00F81DF0</string>
				<string>5F5A53781ADE67D500F81DF0</string>
				<string>2C6749C21AE9975A00F9AB0A</string>
			</array>
		</dict>
		<key>5F5A53471ADE670C00F81DF0</key>
		<dict>
			<key>buildConfigurations</key>
			<array>
				<string>5F5A536D1ADE670C00F81DF0</string>
				<string>5F5A536E1ADE670C00F81DF0</string>
			</array>
			<key>defaultConfigurationIsVisible</key>
			<string>0</string>
			<key>defaultConfigurationName</key>
			<string>Release</string>
			<key>isa</key>
			<string>XCConfigurationList</string>
		</dict>
		<key>5F5A53481ADE670C00F81DF0</key>
		<dict>
			<key>buildActionMask</key>
			<string>2147483647</string>
			<key>files</key>
			<array>
				<string>5F5A53581ADE670C00F81DF0</string>
				<string>5F5A53551ADE670C00F81DF0</string>
				<string>5F5A53521ADE670C00F81DF0</string>
			</array>
			<key>isa</key>
			<string>PBXSourcesBuildPhase</string>
			<key>runOnlyForDeploymentPostprocessing</key>
			<string>0</string>
		</dict>
		<key>5F5A53491ADE670C00F81DF0</key>
		<dict>
			<key>buildActionMask</key>
			<string>2147483647</string>
			<key>files</key>
			<array/>
			<key>isa</key>
			<string>PBXFrameworksBuildPhase</string>
			<key>runOnlyForDeploymentPostprocessing</key>
			<string>0</string>
		</dict>
		<key>5F5A534A1ADE670C00F81DF0</key>
		<dict>
			<key>buildActionMask</key>
			<string>2147483647</string>
			<key>files</key>
			<array>
				<string>5F99610C1AE0CF4F0034F503</string>
				<string>5F99610A1AE0CF4F0034F503</string>
				<string>5F5A535B1ADE670C00F81DF0</string>
			</array>
			<key>isa</key>
			<string>PBXResourcesBuildPhase</string>
			<key>runOnlyForDeploymentPostprocessing</key>
			<string>0</string>
		</dict>
		<key>5F5A534B1ADE670C00F81DF0</key>
		<dict>
			<key>buildConfigurationList</key>
			<string>5F5A536F1ADE670C00F81DF0</string>
			<key>buildPhases</key>
			<array>
				<string>5F5A53481ADE670C00F81DF0</string>
				<string>5F5A53491ADE670C00F81DF0</string>
				<string>5F5A534A1ADE670C00F81DF0</string>
			</array>
			<key>buildRules</key>
			<array/>
			<key>dependencies</key>
			<array/>
			<key>isa</key>
			<string>PBXNativeTarget</string>
			<key>name</key>
			<string>GcmExample</string>
			<key>productName</key>
			<string>GcmExample</string>
			<key>productReference</key>
			<string>5F5A534C1ADE670C00F81DF0</string>
			<key>productType</key>
			<string>com.apple.product-type.application</string>
		</dict>
		<key>5F5A534C1ADE670C00F81DF0</key>
		<dict>
			<key>explicitFileType</key>
			<string>wrapper.application</string>
			<key>includeInIndex</key>
			<string>0</string>
			<key>isa</key>
			<string>PBXFileReference</string>
			<key>path</key>
			<string>GcmExample.app</string>
			<key>sourceTree</key>
			<string>BUILT_PRODUCTS_DIR</string>
		</dict>
		<key>5F5A534D1ADE670C00F81DF0</key>
		<dict>
			<key>children</key>
			<array>
				<string>5F5A534C1ADE670C00F81DF0</string>
				<string>5F5A53791ADE67D500F81DF0</string>
				<string>2C6749C31AE9975A00F9AB0A</string>
			</array>
			<key>isa</key>
			<string>PBXGroup</string>
			<key>name</key>
			<string>Products</string>
			<key>sourceTree</key>
			<string>&lt;group&gt;</string>
		</dict>
		<key>5F5A534E1ADE670C00F81DF0</key>
		<dict>
			<key>children</key>
			<array>
				<string>5F5A53531ADE670C00F81DF0</string>
				<string>5F5A53541ADE670C00F81DF0</string>
				<string>5F5A53561ADE670C00F81DF0</string>
				<string>5F5A53571ADE670C00F81DF0</string>
				<string>5F5A534F1ADE670C00F81DF0</string>
			</array>
			<key>isa</key>
			<string>PBXGroup</string>
			<key>path</key>
			<string>GcmExample</string>
			<key>sourceTree</key>
			<string>&lt;group&gt;</string>
		</dict>
		<key>5F5A534F1ADE670C00F81DF0</key>
		<dict>
			<key>children</key>
			<array>
				<string>5F5A53591ADE670C00F81DF0</string>
				<string>5F5A53501ADE670C00F81DF0</string>
				<string>5F5A53511ADE670C00F81DF0</string>
			</array>
			<key>isa</key>
			<string>PBXGroup</string>
			<key>name</key>
			<string>Supporting Files</string>
			<key>sourceTree</key>
			<string>&lt;group&gt;</string>
		</dict>
		<key>5F5A53501ADE670C00F81DF0</key>
		<dict>
			<key>isa</key>
			<string>PBXFileReference</string>
			<key>lastKnownFileType</key>
			<string>text.plist.xml</string>
			<key>path</key>
			<string>Info.plist</string>
			<key>sourceTree</key>
			<string>&lt;group&gt;</string>
		</dict>
		<key>5F5A53511ADE670C00F81DF0</key>
		<dict>
			<key>isa</key>
			<string>PBXFileReference</string>
			<key>lastKnownFileType</key>
			<string>sourcecode.c.objc</string>
			<key>path</key>
			<string>main.m</string>
			<key>sourceTree</key>
			<string>&lt;group&gt;</string>
		</dict>
		<key>5F5A53521ADE670C00F81DF0</key>
		<dict>
			<key>fileRef</key>
			<string>5F5A53511ADE670C00F81DF0</string>
			<key>isa</key>
			<string>PBXBuildFile</string>
		</dict>
		<key>5F5A53531ADE670C00F81DF0</key>
		<dict>
			<key>isa</key>
			<string>PBXFileReference</string>
			<key>lastKnownFileType</key>
			<string>sourcecode.c.h</string>
			<key>path</key>
			<string>AppDelegate.h</string>
			<key>sourceTree</key>
			<string>&lt;group&gt;</string>
		</dict>
		<key>5F5A53541ADE670C00F81DF0</key>
		<dict>
			<key>isa</key>
			<string>PBXFileReference</string>
			<key>lastKnownFileType</key>
			<string>sourcecode.c.objc</string>
			<key>path</key>
			<string>AppDelegate.m</string>
			<key>sourceTree</key>
			<string>&lt;group&gt;</string>
		</dict>
		<key>5F5A53551ADE670C00F81DF0</key>
		<dict>
			<key>fileRef</key>
			<string>5F5A53541ADE670C00F81DF0</string>
			<key>isa</key>
			<string>PBXBuildFile</string>
		</dict>
		<key>5F5A53561ADE670C00F81DF0</key>
		<dict>
			<key>isa</key>
			<string>PBXFileReference</string>
			<key>lastKnownFileType</key>
			<string>sourcecode.c.h</string>
			<key>path</key>
			<string>ViewController.h</string>
			<key>sourceTree</key>
			<string>&lt;group&gt;</string>
		</dict>
		<key>5F5A53571ADE670C00F81DF0</key>
		<dict>
			<key>isa</key>
			<string>PBXFileReference</string>
			<key>lastKnownFileType</key>
			<string>sourcecode.c.objc</string>
			<key>path</key>
			<string>ViewController.m</string>
			<key>sourceTree</key>
			<string>&lt;group&gt;</string>
		</dict>
		<key>5F5A53581ADE670C00F81DF0</key>
		<dict>
			<key>fileRef</key>
			<string>5F5A53571ADE670C00F81DF0</string>
			<key>isa</key>
			<string>PBXBuildFile</string>
		</dict>
		<key>5F5A53591ADE670C00F81DF0</key>
		<dict>
			<key>children</key>
			<array>
				<string>5F5A535A1ADE670C00F81DF0</string>
			</array>
			<key>isa</key>
			<string>PBXVariantGroup</string>
			<key>name</key>
			<string>Main.storyboard</string>
			<key>sourceTree</key>
			<string>&lt;group&gt;</string>
		</dict>
		<key>5F5A535A1ADE670C00F81DF0</key>
		<dict>
			<key>isa</key>
			<string>PBXFileReference</string>
			<key>lastKnownFileType</key>
			<string>file.storyboard</string>
			<key>name</key>
			<string>Base</string>
			<key>path</key>
			<string>Base.lproj/Main.storyboard</string>
			<key>sourceTree</key>
			<string>&lt;group&gt;</string>
		</dict>
		<key>5F5A535B1ADE670C00F81DF0</key>
		<dict>
			<key>fileRef</key>
			<string>5F5A53591ADE670C00F81DF0</string>
			<key>isa</key>
			<string>PBXBuildFile</string>
		</dict>
		<key>5F5A536D1ADE670C00F81DF0</key>
		<dict>
			<key>buildSettings</key>
			<dict>
				<key>ALWAYS_SEARCH_USER_PATHS</key>
				<string>NO</string>
				<key>CLANG_CXX_LANGUAGE_STANDARD</key>
				<string>gnu++0x</string>
				<key>CLANG_CXX_LIBRARY</key>
				<string>libc++</string>
				<key>CLANG_ENABLE_MODULES</key>
				<string>YES</string>
				<key>CLANG_ENABLE_OBJC_ARC</key>
				<string>YES</string>
				<key>CLANG_WARN_BOOL_CONVERSION</key>
				<string>YES</string>
				<key>CLANG_WARN_CONSTANT_CONVERSION</key>
				<string>YES</string>
				<key>CLANG_WARN_DIRECT_OBJC_ISA_USAGE</key>
				<string>YES_ERROR</string>
				<key>CLANG_WARN_EMPTY_BODY</key>
				<string>YES</string>
				<key>CLANG_WARN_ENUM_CONVERSION</key>
				<string>YES</string>
				<key>CLANG_WARN_INT_CONVERSION</key>
				<string>YES</string>
				<key>CLANG_WARN_OBJC_ROOT_CLASS</key>
				<string>YES_ERROR</string>
				<key>CLANG_WARN_UNREACHABLE_CODE</key>
				<string>YES</string>
				<key>CLANG_WARN__DUPLICATE_METHOD_MATCH</key>
				<string>YES</string>
				<key>CODE_SIGN_IDENTITY[sdk=iphoneos*]</key>
				<string>iPhone Developer</string>
				<key>COPY_PHASE_STRIP</key>
				<string>NO</string>
				<key>ENABLE_BITCODE</key>
				<string>NO</string>
				<key>ENABLE_STRICT_OBJC_MSGSEND</key>
				<string>YES</string>
				<key>ENABLE_TESTABILITY</key>
				<string>YES</string>
				<key>GCC_C_LANGUAGE_STANDARD</key>
				<string>gnu99</string>
				<key>GCC_DYNAMIC_NO_PIC</key>
				<string>NO</string>
				<key>GCC_NO_COMMON_BLOCKS</key>
				<string>YES</string>
				<key>GCC_OPTIMIZATION_LEVEL</key>
				<string>0</string>
				<key>GCC_PREPROCESSOR_DEFINITIONS</key>
				<array>
					<string>DEBUG=1</string>
					<string>$(inherited)</string>
				</array>
				<key>GCC_SYMBOLS_PRIVATE_EXTERN</key>
				<string>NO</string>
				<key>GCC_WARN_64_TO_32_BIT_CONVERSION</key>
				<string>YES</string>
				<key>GCC_WARN_ABOUT_RETURN_TYPE</key>
				<string>YES_ERROR</string>
				<key>GCC_WARN_UNDECLARED_SELECTOR</key>
				<string>YES</string>
				<key>GCC_WARN_UNINITIALIZED_AUTOS</key>
				<string>YES_AGGRESSIVE</string>
				<key>GCC_WARN_UNUSED_FUNCTION</key>
				<string>YES</string>
				<key>GCC_WARN_UNUSED_VARIABLE</key>
				<string>YES</string>
				<key>IPHONEOS_DEPLOYMENT_TARGET</key>
				<string>7.0</string>
				<key>MTL_ENABLE_DEBUG_INFO</key>
				<string>YES</string>
				<key>ONLY_ACTIVE_ARCH</key>
				<string>YES</string>
				<key>SDKROOT</key>
				<string>iphoneos</string>
				<key>TARGETED_DEVICE_FAMILY</key>
				<string>1,2</string>
			</dict>
			<key>isa</key>
			<string>XCBuildConfiguration</string>
			<key>name</key>
			<string>Debug</string>
		</dict>
		<key>5F5A536E1ADE670C00F81DF0</key>
		<dict>
			<key>buildSettings</key>
			<dict>
				<key>ALWAYS_SEARCH_USER_PATHS</key>
				<string>NO</string>
				<key>CLANG_CXX_LANGUAGE_STANDARD</key>
				<string>gnu++0x</string>
				<key>CLANG_CXX_LIBRARY</key>
				<string>libc++</string>
				<key>CLANG_ENABLE_MODULES</key>
				<string>YES</string>
				<key>CLANG_ENABLE_OBJC_ARC</key>
				<string>YES</string>
				<key>CLANG_WARN_BOOL_CONVERSION</key>
				<string>YES</string>
				<key>CLANG_WARN_CONSTANT_CONVERSION</key>
				<string>YES</string>
				<key>CLANG_WARN_DIRECT_OBJC_ISA_USAGE</key>
				<string>YES_ERROR</string>
				<key>CLANG_WARN_EMPTY_BODY</key>
				<string>YES</string>
				<key>CLANG_WARN_ENUM_CONVERSION</key>
				<string>YES</string>
				<key>CLANG_WARN_INT_CONVERSION</key>
				<string>YES</string>
				<key>CLANG_WARN_OBJC_ROOT_CLASS</key>
				<string>YES_ERROR</string>
				<key>CLANG_WARN_UNREACHABLE_CODE</key>
				<string>YES</string>
				<key>CLANG_WARN__DUPLICATE_METHOD_MATCH</key>
				<string>YES</string>
				<key>CODE_SIGN_IDENTITY[sdk=iphoneos*]</key>
				<string>iPhone Developer</string>
				<key>COPY_PHASE_STRIP</key>
				<string>YES</string>
				<key>ENABLE_BITCODE</key>
				<string>NO</string>
				<key>ENABLE_NS_ASSERTIONS</key>
				<string>NO</string>
				<key>ENABLE_STRICT_OBJC_MSGSEND</key>
				<string>YES</string>
				<key>GCC_C_LANGUAGE_STANDARD</key>
				<string>gnu99</string>
				<key>GCC_NO_COMMON_BLOCKS</key>
				<string>YES</string>
				<key>GCC_WARN_64_TO_32_BIT_CONVERSION</key>
				<string>YES</string>
				<key>GCC_WARN_ABOUT_RETURN_TYPE</key>
				<string>YES_ERROR</string>
				<key>GCC_WARN_UNDECLARED_SELECTOR</key>
				<string>YES</string>
				<key>GCC_WARN_UNINITIALIZED_AUTOS</key>
				<string>YES_AGGRESSIVE</string>
				<key>GCC_WARN_UNUSED_FUNCTION</key>
				<string>YES</string>
				<key>GCC_WARN_UNUSED_VARIABLE</key>
				<string>YES</string>
				<key>IPHONEOS_DEPLOYMENT_TARGET</key>
				<string>7.0</string>
				<key>MTL_ENABLE_DEBUG_INFO</key>
				<string>NO</string>
				<key>SDKROOT</key>
				<string>iphoneos</string>
				<key>TARGETED_DEVICE_FAMILY</key>
				<string>1,2</string>
				<key>VALIDATE_PRODUCT</key>
				<string>YES</string>
			</dict>
			<key>isa</key>
			<string>XCBuildConfiguration</string>
			<key>name</key>
			<string>Release</string>
		</dict>
		<key>5F5A536F1ADE670C00F81DF0</key>
		<dict>
			<key>buildConfigurations</key>
			<array>
				<string>5F5A53701ADE670C00F81DF0</string>
				<string>5F5A53711ADE670C00F81DF0</string>
			</array>
			<key>defaultConfigurationIsVisible</key>
			<string>0</string>
			<key>defaultConfigurationName</key>
			<string>Release</string>
			<key>isa</key>
			<string>XCConfigurationList</string>
		</dict>
		<key>5F5A53701ADE670C00F81DF0</key>
		<dict>
			<key>buildSettings</key>
			<dict>
				<key>ASSETCATALOG_COMPILER_APPICON_NAME</key>
				<string>AppIcon</string>
				<key>ASSETCATALOG_COMPILER_LAUNCHIMAGE_NAME</key>
				<string>LaunchImage</string>
				<key>CODE_SIGN_IDENTITY</key>
				<string>iPhone Developer</string>
				<key>INFOPLIST_FILE</key>
				<string>GcmExample/Info.plist</string>
				<key>LD_RUNPATH_SEARCH_PATHS</key>
				<string>$(inherited) @executable_path/Frameworks</string>
				<key>PRODUCT_BUNDLE_IDENTIFIER</key>
				<string>com.google.samples.quickstart.gcm</string>
				<key>PRODUCT_NAME</key>
				<string>$(TARGET_NAME)</string>
			</dict>
			<key>isa</key>
			<string>XCBuildConfiguration</string>
			<key>name</key>
			<string>Debug</string>
		</dict>
		<key>5F5A53711ADE670C00F81DF0</key>
		<dict>
			<key>buildSettings</key>
			<dict>
				<key>ASSETCATALOG_COMPILER_APPICON_NAME</key>
				<string>AppIcon</string>
				<key>ASSETCATALOG_COMPILER_LAUNCHIMAGE_NAME</key>
				<string>LaunchImage</string>
				<key>CODE_SIGN_IDENTITY</key>
				<string>iPhone Developer</string>
				<key>INFOPLIST_FILE</key>
				<string>GcmExample/Info.plist</string>
				<key>LD_RUNPATH_SEARCH_PATHS</key>
				<string>$(inherited) @executable_path/Frameworks</string>
				<key>PRODUCT_BUNDLE_IDENTIFIER</key>
				<string>com.google.samples.quickstart.gcm</string>
				<key>PRODUCT_NAME</key>
				<string>$(TARGET_NAME)</string>
			</dict>
			<key>isa</key>
			<string>XCBuildConfiguration</string>
			<key>name</key>
			<string>Release</string>
		</dict>
		<key>5F5A53751ADE67D500F81DF0</key>
		<dict>
			<key>buildActionMask</key>
			<string>2147483647</string>
			<key>files</key>
			<array>
				<string>5F5A53801ADE67D500F81DF0</string>
				<string>5F5A537E1ADE67D500F81DF0</string>
			</array>
			<key>isa</key>
			<string>PBXSourcesBuildPhase</string>
			<key>runOnlyForDeploymentPostprocessing</key>
			<string>0</string>
		</dict>
		<key>5F5A53761ADE67D500F81DF0</key>
		<dict>
			<key>buildActionMask</key>
			<string>2147483647</string>
			<key>files</key>
			<array/>
			<key>isa</key>
			<string>PBXFrameworksBuildPhase</string>
			<key>runOnlyForDeploymentPostprocessing</key>
			<string>0</string>
		</dict>
		<key>5F5A53771ADE67D500F81DF0</key>
		<dict>
			<key>buildActionMask</key>
			<string>2147483647</string>
			<key>files</key>
			<array>
				<string>2C85628F1B01391E00F0B24B</string>
				<string>5F99610D1AE0CF4F0034F503</string>
				<string>5F99610B1AE0CF4F0034F503</string>
			</array>
			<key>isa</key>
			<string>PBXResourcesBuildPhase</string>
			<key>runOnlyForDeploymentPostprocessing</key>
			<string>0</string>
		</dict>
		<key>5F5A53781ADE67D500F81DF0</key>
		<dict>
			<key>buildConfigurationList</key>
			<string>5F5A53991ADE67D500F81DF0</string>
			<key>buildPhases</key>
			<array>
				<string>5F5A53751ADE67D500F81DF0</string>
				<string>5F5A53761ADE67D500F81DF0</string>
				<string>5F5A53771ADE67D500F81DF0</string>
			</array>
			<key>buildRules</key>
			<array/>
			<key>dependencies</key>
			<array/>
			<key>isa</key>
			<string>PBXNativeTarget</string>
			<key>name</key>
			<string>GcmExampleSwift</string>
			<key>productName</key>
			<string>GcmExampleSwift</string>
			<key>productReference</key>
			<string>5F5A53791ADE67D500F81DF0</string>
			<key>productType</key>
			<string>com.apple.product-type.application</string>
		</dict>
		<key>5F5A53791ADE67D500F81DF0</key>
		<dict>
			<key>explicitFileType</key>
			<string>wrapper.application</string>
			<key>includeInIndex</key>
			<string>0</string>
			<key>isa</key>
			<string>PBXFileReference</string>
			<key>path</key>
			<string>GcmExampleSwift.app</string>
			<key>sourceTree</key>
			<string>BUILT_PRODUCTS_DIR</string>
		</dict>
		<key>5F5A537A1ADE67D500F81DF0</key>
		<dict>
			<key>children</key>
			<array>
				<string>5F5A537D1ADE67D500F81DF0</string>
				<string>5F5A537F1ADE67D500F81DF0</string>
				<string>5F5A537B1ADE67D500F81DF0</string>
			</array>
			<key>isa</key>
			<string>PBXGroup</string>
			<key>path</key>
			<string>GcmExampleSwift</string>
			<key>sourceTree</key>
			<string>&lt;group&gt;</string>
		</dict>
		<key>5F5A537B1ADE67D500F81DF0</key>
		<dict>
			<key>children</key>
			<array>
				<string>5F5A539B1ADE695B00F81DF0</string>
			</array>
			<key>isa</key>
			<string>PBXGroup</string>
			<key>name</key>
			<string>Supporting Files</string>
			<key>sourceTree</key>
			<string>&lt;group&gt;</string>
		</dict>
		<key>5F5A537D1ADE67D500F81DF0</key>
		<dict>
			<key>isa</key>
			<string>PBXFileReference</string>
			<key>lastKnownFileType</key>
			<string>sourcecode.swift</string>
			<key>path</key>
			<string>AppDelegate.swift</string>
			<key>sourceTree</key>
			<string>&lt;group&gt;</string>
		</dict>
		<key>5F5A537E1ADE67D500F81DF0</key>
		<dict>
			<key>fileRef</key>
			<string>5F5A537D1ADE67D500F81DF0</string>
			<key>isa</key>
			<string>PBXBuildFile</string>
		</dict>
		<key>5F5A537F1ADE67D500F81DF0</key>
		<dict>
			<key>isa</key>
			<string>PBXFileReference</string>
			<key>lastKnownFileType</key>
			<string>sourcecode.swift</string>
			<key>path</key>
			<string>ViewController.swift</string>
			<key>sourceTree</key>
			<string>&lt;group&gt;</string>
		</dict>
		<key>5F5A53801ADE67D500F81DF0</key>
		<dict>
			<key>fileRef</key>
			<string>5F5A537F1ADE67D500F81DF0</string>
			<key>isa</key>
			<string>PBXBuildFile</string>
		</dict>
		<key>5F5A53951ADE67D500F81DF0</key>
		<dict>
			<key>buildSettings</key>
			<dict>
				<key>ASSETCATALOG_COMPILER_APPICON_NAME</key>
				<string>AppIcon</string>
				<key>ASSETCATALOG_COMPILER_LAUNCHIMAGE_NAME</key>
				<string>LaunchImage</string>
				<key>CODE_SIGN_IDENTITY</key>
				<string>iPhone Developer</string>
				<key>INFOPLIST_FILE</key>
				<string>$(SRCROOT)/GcmExample/Info.plist</string>
				<key>LD_RUNPATH_SEARCH_PATHS</key>
				<string>$(inherited) @executable_path/Frameworks</string>
				<key>PRODUCT_BUNDLE_IDENTIFIER</key>
				<string>com.google.samples.quickstart.gcm</string>
				<key>PRODUCT_NAME</key>
				<string>$(TARGET_NAME)</string>
				<key>SWIFT_OBJC_BRIDGING_HEADER</key>
				<string>GcmExampleSwift/BridgingHeader.h</string>
			</dict>
			<key>isa</key>
			<string>XCBuildConfiguration</string>
			<key>name</key>
			<string>Debug</string>
		</dict>
		<key>5F5A53961ADE67D500F81DF0</key>
		<dict>
			<key>buildSettings</key>
			<dict>
				<key>ASSETCATALOG_COMPILER_APPICON_NAME</key>
				<string>AppIcon</string>
				<key>ASSETCATALOG_COMPILER_LAUNCHIMAGE_NAME</key>
				<string>LaunchImage</string>
				<key>CODE_SIGN_IDENTITY</key>
				<string>iPhone Developer</string>
				<key>INFOPLIST_FILE</key>
				<string>$(SRCROOT)/GcmExample/Info.plist</string>
				<key>LD_RUNPATH_SEARCH_PATHS</key>
				<string>$(inherited) @executable_path/Frameworks</string>
				<key>PRODUCT_BUNDLE_IDENTIFIER</key>
				<string>com.google.samples.quickstart.gcm</string>
				<key>PRODUCT_NAME</key>
				<string>$(TARGET_NAME)</string>
				<key>SWIFT_OBJC_BRIDGING_HEADER</key>
				<string>GcmExampleSwift/BridgingHeader.h</string>
			</dict>
			<key>isa</key>
			<string>XCBuildConfiguration</string>
			<key>name</key>
			<string>Release</string>
		</dict>
		<key>5F5A53991ADE67D500F81DF0</key>
		<dict>
			<key>buildConfigurations</key>
			<array>
				<string>5F5A53951ADE67D500F81DF0</string>
				<string>5F5A53961ADE67D500F81DF0</string>
			</array>
			<key>defaultConfigurationIsVisible</key>
			<string>0</string>
			<key>defaultConfigurationName</key>
			<string>Release</string>
			<key>isa</key>
			<string>XCConfigurationList</string>
		</dict>
		<key>5F5A539B1ADE695B00F81DF0</key>
		<dict>
			<key>isa</key>
			<string>PBXFileReference</string>
			<key>lastKnownFileType</key>
			<string>sourcecode.c.h</string>
			<key>path</key>
			<string>BridgingHeader.h</string>
			<key>sourceTree</key>
			<string>&lt;group&gt;</string>
		</dict>
		<key>5F9961041AE0CF4F0034F503</key>
		<dict>
			<key>children</key>
			<array>
				<string>5F9961061AE0CF4F0034F503</string>
				<string>5F9961071AE0CF4F0034F503</string>
			</array>
			<key>isa</key>
			<string>PBXGroup</string>
			<key>name</key>
			<string>Shared</string>
			<key>path</key>
			<string>../shared</string>
			<key>sourceTree</key>
			<string>&lt;group&gt;</string>
		</dict>
		<key>5F9961061AE0CF4F0034F503</key>
		<dict>
			<key>isa</key>
			<string>PBXFileReference</string>
			<key>lastKnownFileType</key>
			<string>folder.assetcatalog</string>
			<key>path</key>
			<string>Images.xcassets</string>
			<key>sourceTree</key>
			<string>&lt;group&gt;</string>
		</dict>
		<key>5F9961071AE0CF4F0034F503</key>
		<dict>
			<key>fileEncoding</key>
			<string>4</string>
			<key>isa</key>
			<string>PBXFileReference</string>
			<key>lastKnownFileType</key>
			<string>file.xib</string>
			<key>path</key>
			<string>LaunchScreen.xib</string>
			<key>sourceTree</key>
			<string>&lt;group&gt;</string>
		</dict>
		<key>5F99610A1AE0CF4F0034F503</key>
		<dict>
			<key>fileRef</key>
			<string>5F9961061AE0CF4F0034F503</string>
			<key>isa</key>
			<string>PBXBuildFile</string>
		</dict>
		<key>5F99610B1AE0CF4F0034F503</key>
		<dict>
			<key>fileRef</key>
			<string>5F9961061AE0CF4F0034F503</string>
			<key>isa</key>
			<string>PBXBuildFile</string>
		</dict>
		<key>5F99610C1AE0CF4F0034F503</key>
		<dict>
			<key>fileRef</key>
			<string>5F9961071AE0CF4F0034F503</string>
			<key>isa</key>
			<string>PBXBuildFile</string>
		</dict>
		<key>5F99610D1AE0CF4F0034F503</key>
		<dict>
			<key>fileRef</key>
			<string>5F9961071AE0CF4F0034F503</string>
			<key>isa</key>
			<string>PBXBuildFile</string>
		</dict>
	</dict>
	<key>rootObject</key>
	<string>5F5A53441ADE670C00F81DF0</string>
</dict>
</plist>
